PODS:
  - Alamofire (3.3.1)
  - Bolts (1.7.0):
    - Bolts/AppLinks (= 1.7.0)
    - Bolts/Tasks (= 1.7.0)
  - Bolts/AppLinks (1.7.0):
    - Bolts/Tasks
  - Bolts/Tasks (1.7.0)
  - DZNEmptyDataSet (1.7.3)
  - FBSDKCoreKit (4.10.1):
    - Bolts (~> 1.5)
  - FBSDKLoginKit (4.10.1):
    - FBSDKCoreKit
  - FBSDKShareKit (4.10.1):
    - FBSDKCoreKit
  - FontAwesome.swift (0.7.3)
  - Fusuma (0.3.7)
  - GoogleMaps (1.13.0)
  - PKRevealController (2.0.6)
  - SCLAlertView (0.5.2)
  - SVProgressHUD (2.0.3)

DEPENDENCIES:
  - Alamofire (~> 3.3)
  - DZNEmptyDataSet
  - FBSDKCoreKit
  - FBSDKLoginKit
  - FBSDKShareKit
  - FontAwesome.swift
  - Fusuma
  - GoogleMaps
  - PKRevealController
  - SCLAlertView
  - SVProgressHUD

SPEC CHECKSUMS:
  Alamofire: 369bc67b6f5ac33ded3648d7bd21c5bfb91c2ecc
  Bolts: a0058fa3b331c5a1e4402d534f2dae36dbff31e4
  DZNEmptyDataSet: dd7cca17c1d07dfa78956859b1e70a52505678ef
  FBSDKCoreKit: d2aaed5e9ab7d8d6301c533376a1fbff1cf3deb5
  FBSDKLoginKit: 699ff169080e3072de4b9b0faca90bf23dc36deb
  FBSDKShareKit: 2fd887cce0056bdda91f99b2021d724a4fed8e88
  FontAwesome.swift: f694fe0f667d6d3390b5919cdb0556a27b75d427
  Fusuma: 1bfe8abff1c1dbb2c6847b1d195182222bbfb241
  GoogleMaps: 7a6caeb8336d7cb42982e969fc9b1b20a889fe79
  PKRevealController: ffb45a16f5a5032ad90a3d16e5cbb0d8e035bd58
  SCLAlertView: 66873759027a98f891b6ba9042d75db9082abca2
  SVProgressHUD: b0830714205bea1317ea1a2ebc71e5633af334d4

PODFILE CHECKSUM: b2199d77cd5716512b33d8391ad2953ca51d6cf7

COCOAPODS: 1.0.0.rc.2
