PODS:
  - Alamofire (4.0.1)
  - AlamofireImage (3.1.0):
    - Alamofire (~> 4.0)
  - AlamofireNetworkActivityIndicator (2.0.1):
    - Alamofire (~> 4.0)
  - Bolts (1.8.4):
    - Bolts/AppLinks (= 1.8.4)
    - Bolts/Tasks (= 1.8.4)
  - Bolts/AppLinks (1.8.4):
    - Bolts/Tasks
  - Bolts/Tasks (1.8.4)
  - DZNEmptyDataSet (1.8.1)
  - Eureka (4.0.1)
  - FBSDKCoreKit (4.16.0):
    - Bolts (~> 1.7)
  - FBSDKLoginKit (4.16.1):
    - FBSDKCoreKit
  - FBSDKShareKit (4.16.1):
    - FBSDKCoreKit
  - FontAwesome.swift (1.0.0)
  - Fusuma (1.0.0)
  - GoogleMaps (2.1.0):
    - GoogleMaps/Maps (= 2.1.0)
  - GoogleMaps/Base (2.1.0)
  - GoogleMaps/Maps (2.1.0):
    - GoogleMaps/Base (= 2.1.0)
  - SCLAlertView (0.7.0)
  - SkyFloatingLabelTextField (1.2.1)
  - SVProgressHUD (2.0.3)
  - SwiftMessages (3.0.3)
  - SwiftyJSON (3.1.1)
  - SWTableViewCell (0.3.7)
  - TPKeyboardAvoiding (1.3)

DEPENDENCIES:
  - Alamofire (~> 4.0)
  - AlamofireImage (~> 3.1.0)
  - AlamofireNetworkActivityIndicator (~> 2.0)
  - DZNEmptyDataSet
  - Eureka (~> 4.0)
  - FBSDKCoreKit
  - FBSDKLoginKit
  - FBSDKShareKit
  - FontAwesome.swift (from `git@github.com:thii/FontAwesome.swift`)
  - Fusuma (from `git@github.com:ytakzk/Fusuma.git`)
  - GoogleMaps
  - SCLAlertView
  - SkyFloatingLabelTextField (from `https://github.com/MLSDev/SkyFloatingLabelTextField.git`, branch `swift3`)
  - SVProgressHUD
  - SwiftMessages (~> 3.0.1)
  - SwiftyJSON (~> 3.1.1)
  - SWTableViewCell (~> 0.3.7)
  - TPKeyboardAvoiding

EXTERNAL SOURCES:
  FontAwesome.swift:
    :git: git@github.com:thii/FontAwesome.swift
  Fusuma:
    :git: git@github.com:ytakzk/Fusuma.git
  SkyFloatingLabelTextField:
    :branch: swift3
    :git: https://github.com/MLSDev/SkyFloatingLabelTextField.git

CHECKOUT OPTIONS:
  FontAwesome.swift:
    :commit: 9ca8cc149b14856605ca744ee7c36621e5dc194b
    :git: git@github.com:thii/FontAwesome.swift
  Fusuma:
    :commit: d89cc8398a3dac19ff03c7689302e62d3c233d49
    :git: git@github.com:ytakzk/Fusuma.git
  SkyFloatingLabelTextField:
    :commit: 03177934f990c794060765f33c408268ce8afee0
    :git: https://github.com/MLSDev/SkyFloatingLabelTextField.git

SPEC CHECKSUMS:
  Alamofire: 7682d43245de14874acd142ec137b144aa1dd335
  AlamofireImage: bb8c8351c51cb1633bb6be69b6dbbaff37ce65b7
  AlamofireNetworkActivityIndicator: 3e55069ada3e1ff7703665156429eedcdfea0bc1
  Bolts: 8a7995239dbe724f9cba2248b766d48b7ebdd322
  DZNEmptyDataSet: 9525833b9e68ac21c30253e1d3d7076cc828eaa7
  Eureka: c8bd5cc07143b6f66268c208d28a246c99b41955
  FBSDKCoreKit: 7a6baaed4a2b2a244ba253346713bdbc74df135b
  FBSDKLoginKit: 469a56cebe2e1ed62b1621d0b155970fd6aac2d8
  FBSDKShareKit: 53af0239b5bd2ebf191f32f75991245a208cc982
  FontAwesome.swift: beb1ff2f206a1517745f4f057a4d30a76f8d7d4e
  Fusuma: 256315ea7daed298f246f1ba5e49700bc664dd93
  GoogleMaps: 06589b9a38097bce0cd6e90f0fd9b5e4b4a9344c
  SCLAlertView: 8a14ffc40590c619e183eed2298b854385f30be1
  SkyFloatingLabelTextField: 3f6610aded18e778df5cfab3b9e12a11b3e014e9
  SVProgressHUD: b0830714205bea1317ea1a2ebc71e5633af334d4
  SwiftMessages: 3c6fd0375009d69ff35a7656bae0e31b4d8a930d
  SwiftyJSON: f0be2e604f83e8405a624e9f891898bf6ed4e019
  SWTableViewCell: 2a94aadc9d47b2b611fa064566bf57948b95b579
  TPKeyboardAvoiding: a5138f318c06fb3e151f886e18ce4a72695d9cbe

PODFILE CHECKSUM: c0b8922945308747c1afc66afd9513bd44394b7d

COCOAPODS: 1.4.0.beta.2
