PODS:
  - Alamofire (3.4.0)
  - AlamofireImage (2.4.0):
    - Alamofire (~> 3.3)
  - Bolts (1.7.0):
    - Bolts/AppLinks (= 1.7.0)
    - Bolts/Tasks (= 1.7.0)
  - Bolts/AppLinks (1.7.0):
    - Bolts/Tasks
  - Bolts/Tasks (1.7.0)
  - DZNEmptyDataSet (1.8.1)
  - Eureka (1.6.0)
  - FBSDKCoreKit (4.12.0):
    - Bolts (~> 1.7)
  - FBSDKLoginKit (4.12.0):
    - FBSDKCoreKit
  - FBSDKShareKit (4.12.0):
    - FBSDKCoreKit
  - FontAwesome.swift (0.7.3)
  - Fusuma (0.4.1)
  - GoogleMaps (1.13.2)
  - SCLAlertView (0.5.8)
  - SVProgressHUD (2.0.3)
  - SwiftyJSON (2.3.2)
  - SWTableViewCell (0.3.7)

DEPENDENCIES:
  - Alamofire (~> 3.3)
  - AlamofireImage (~> 2.0)
  - DZNEmptyDataSet
  - Eureka
  - FBSDKCoreKit
  - FBSDKLoginKit
  - FBSDKShareKit
  - FontAwesome.swift
  - Fusuma
  - GoogleMaps
  - SCLAlertView
  - SVProgressHUD
  - SwiftyJSON
  - SWTableViewCell (~> 0.3.7)

SPEC CHECKSUMS:
  Alamofire: c19a627cefd6a95f840401c49ab1f124e07f54ee
  AlamofireImage: 87408b652e0f5ae5fe364035f15aea8b9b24c77e
  Bolts: a0058fa3b331c5a1e4402d534f2dae36dbff31e4
  DZNEmptyDataSet: 9525833b9e68ac21c30253e1d3d7076cc828eaa7
  Eureka: ef5b9ac93aedeecfe50d98b1ac7678bf09a1fc62
  FBSDKCoreKit: 6e56d5a2a64a755ad4efb5dbeee8f82fb1b99775
  FBSDKLoginKit: 03f68a8d48c2c8bb81d7eb8097973d483543e1f6
  FBSDKShareKit: df1491f064cffc8ebcc3fc8b71be94cc190c728e
  FontAwesome.swift: f694fe0f667d6d3390b5919cdb0556a27b75d427
  Fusuma: 4dbaa05a2a20ab11a41f8dedbe650c904ea99625
  GoogleMaps: b20a103ff307f58392e603cf142e59d7e30374c1
  SCLAlertView: 653e84d1f9fd95333bc54671fbadb7d0c47fce49
  SVProgressHUD: b0830714205bea1317ea1a2ebc71e5633af334d4
  SwiftyJSON: 04ccea08915aa0109039157c7974cf0298da292a
  SWTableViewCell: 2a94aadc9d47b2b611fa064566bf57948b95b579

PODFILE CHECKSUM: 2901b84f6d38836bf1f2ac9fb38c19eb473b5432

COCOAPODS: 1.0.0
