// !$*UTF8*$!
{
	archiveVersion = 1;
	classes = {
	};
	objectVersion = 46;
	objects = {

/* Begin PBXBuildFile section */
		8092604BE0F6352099AE4E71 /* Pods_Exsilio.framework in Frameworks */ = {isa = PBXBuildFile; fileRef = C93B9481166D72ABA6A920B9 /* Pods_Exsilio.framework */; };
		A62A5B171CBEC6F300E605B3 /* MenuTableViewController.swift in Sources */ = {isa = PBXBuildFile; fileRef = A62A5B161CBEC6F300E605B3 /* MenuTableViewController.swift */; };
		A62A5B1E1CBED6D500E605B3 /* Constants.swift in Sources */ = {isa = PBXBuildFile; fileRef = A62A5B1D1CBED6D500E605B3 /* Constants.swift */; };
		A6354C711CC047CE00E605B3 /* UIColor+HexString.swift in Sources */ = {isa = PBXBuildFile; fileRef = A6354C701CC047CE00E605B3 /* UIColor+HexString.swift */; };
		A65A399A1CBBFB3C00E605B3 /* AppDelegate.swift in Sources */ = {isa = PBXBuildFile; fileRef = A65A39991CBBFB3C00E605B3 /* AppDelegate.swift */; };
		A65A399C1CBBFB3C00E605B3 /* LoginViewController.swift in Sources */ = {isa = PBXBuildFile; fileRef = A65A399B1CBBFB3C00E605B3 /* LoginViewController.swift */; };
		A65A399F1CBBFB3C00E605B3 /* Main.storyboard in Resources */ = {isa = PBXBuildFile; fileRef = A65A399D1CBBFB3C00E605B3 /* Main.storyboard */; };
		A65A39A11CBBFB3C00E605B3 /* Assets.xcassets in Resources */ = {isa = PBXBuildFile; fileRef = A65A39A01CBBFB3C00E605B3 /* Assets.xcassets */; };
		A65A39A41CBBFB3C00E605B3 /* LaunchScreen.storyboard in Resources */ = {isa = PBXBuildFile; fileRef = A65A39A21CBBFB3C00E605B3 /* LaunchScreen.storyboard */; };
		A6686F821CD29DCF00E605B3 /* CreateTourViewController.swift in Sources */ = {isa = PBXBuildFile; fileRef = A6686F811CD29DCF00E605B3 /* CreateTourViewController.swift */; };
		A6686F901CD29E9100E605B3 /* AkiraTextField.swift in Sources */ = {isa = PBXBuildFile; fileRef = A6686F841CD29E9100E605B3 /* AkiraTextField.swift */; };
		A6686F911CD29E9100E605B3 /* HoshiTextField.swift in Sources */ = {isa = PBXBuildFile; fileRef = A6686F851CD29E9100E605B3 /* HoshiTextField.swift */; };
		A6686F921CD29E9100E605B3 /* Info.plist in Resources */ = {isa = PBXBuildFile; fileRef = A6686F861CD29E9100E605B3 /* Info.plist */; };
		A6686F931CD29E9100E605B3 /* IsaoTextField.swift in Sources */ = {isa = PBXBuildFile; fileRef = A6686F871CD29E9100E605B3 /* IsaoTextField.swift */; };
		A6686F941CD29E9100E605B3 /* JiroTextField.swift in Sources */ = {isa = PBXBuildFile; fileRef = A6686F881CD29E9100E605B3 /* JiroTextField.swift */; };
		A6686F951CD29E9100E605B3 /* KaedeTextField.swift in Sources */ = {isa = PBXBuildFile; fileRef = A6686F891CD29E9100E605B3 /* KaedeTextField.swift */; };
		A6686F961CD29E9100E605B3 /* MadokaTextField.swift in Sources */ = {isa = PBXBuildFile; fileRef = A6686F8A1CD29E9100E605B3 /* MadokaTextField.swift */; };
		A6686F971CD29E9100E605B3 /* MinoruTextField.swift in Sources */ = {isa = PBXBuildFile; fileRef = A6686F8B1CD29E9100E605B3 /* MinoruTextField.swift */; };
		A6686F981CD29E9100E605B3 /* TextFieldsEffects.swift in Sources */ = {isa = PBXBuildFile; fileRef = A6686F8D1CD29E9100E605B3 /* TextFieldsEffects.swift */; };
		A6686F991CD29E9100E605B3 /* YokoTextField.swift in Sources */ = {isa = PBXBuildFile; fileRef = A6686F8E1CD29E9100E605B3 /* YokoTextField.swift */; };
		A6686F9A1CD29E9100E605B3 /* YoshikoTextField.swift in Sources */ = {isa = PBXBuildFile; fileRef = A6686F8F1CD29E9100E605B3 /* YoshikoTextField.swift */; };
		A6686FA51CD2A12900E605B3 /* OpenSans-Bold.ttf in Resources */ = {isa = PBXBuildFile; fileRef = A6686F9B1CD2A12900E605B3 /* OpenSans-Bold.ttf */; };
		A6686FA61CD2A12900E605B3 /* OpenSans-BoldItalic.ttf in Resources */ = {isa = PBXBuildFile; fileRef = A6686F9C1CD2A12900E605B3 /* OpenSans-BoldItalic.ttf */; };
		A6686FA71CD2A12900E605B3 /* OpenSans-ExtraBold.ttf in Resources */ = {isa = PBXBuildFile; fileRef = A6686F9D1CD2A12900E605B3 /* OpenSans-ExtraBold.ttf */; };
		A6686FA81CD2A12900E605B3 /* OpenSans-ExtraBoldItalic.ttf in Resources */ = {isa = PBXBuildFile; fileRef = A6686F9E1CD2A12900E605B3 /* OpenSans-ExtraBoldItalic.ttf */; };
		A6686FA91CD2A12900E605B3 /* OpenSans-Italic.ttf in Resources */ = {isa = PBXBuildFile; fileRef = A6686F9F1CD2A12900E605B3 /* OpenSans-Italic.ttf */; };
		A6686FAA1CD2A12900E605B3 /* OpenSans-Light.ttf in Resources */ = {isa = PBXBuildFile; fileRef = A6686FA01CD2A12900E605B3 /* OpenSans-Light.ttf */; };
		A6686FAB1CD2A12900E605B3 /* OpenSans-LightItalic.ttf in Resources */ = {isa = PBXBuildFile; fileRef = A6686FA11CD2A12900E605B3 /* OpenSans-LightItalic.ttf */; };
		A6686FAC1CD2A12900E605B3 /* OpenSans-Regular.ttf in Resources */ = {isa = PBXBuildFile; fileRef = A6686FA21CD2A12900E605B3 /* OpenSans-Regular.ttf */; };
		A6686FAD1CD2A12900E605B3 /* OpenSans-Semibold.ttf in Resources */ = {isa = PBXBuildFile; fileRef = A6686FA31CD2A12900E605B3 /* OpenSans-Semibold.ttf */; };
		A6686FAE1CD2A12900E605B3 /* OpenSans-SemiboldItalic.ttf in Resources */ = {isa = PBXBuildFile; fileRef = A6686FA41CD2A12900E605B3 /* OpenSans-SemiboldItalic.ttf */; };
		A674A7861CD100D400E605B3 /* UIImage+Scaled.swift in Sources */ = {isa = PBXBuildFile; fileRef = A674A7851CD100D400E605B3 /* UIImage+Scaled.swift */; };
		A674A7881CD100E700E605B3 /* Dictionary+Merge.swift in Sources */ = {isa = PBXBuildFile; fileRef = A674A7871CD100E700E605B3 /* Dictionary+Merge.swift */; };
		A674A78C1CD1082500E605B3 /* SearchViewController.swift in Sources */ = {isa = PBXBuildFile; fileRef = A674A78B1CD1082500E605B3 /* SearchViewController.swift */; };
		A674A78E1CD108D800E605B3 /* ToursTableViewController.swift in Sources */ = {isa = PBXBuildFile; fileRef = A674A78D1CD108D800E605B3 /* ToursTableViewController.swift */; };
		A674A7901CD108F600E605B3 /* CreateTourNavigationController.swift in Sources */ = {isa = PBXBuildFile; fileRef = A674A78F1CD108F600E605B3 /* CreateTourNavigationController.swift */; };
		A6CBBC181CD3CD6300E605B3 /* EXLabel.swift in Sources */ = {isa = PBXBuildFile; fileRef = A6CBBC171CD3CD6300E605B3 /* EXLabel.swift */; };
		A6F1DD431CBC074C00E605B3 /* EXButton.swift in Sources */ = {isa = PBXBuildFile; fileRef = A6F1DD421CBC074C00E605B3 /* EXButton.swift */; };
/* End PBXBuildFile section */

/* Begin PBXFileReference section */
		6809C36672D894B782C3C8FD /* Pods-Exsilio.release.xcconfig */ = {isa = PBXFileReference; includeInIndex = 1; lastKnownFileType = text.xcconfig; name = "Pods-Exsilio.release.xcconfig"; path = "Pods/Target Support Files/Pods-Exsilio/Pods-Exsilio.release.xcconfig"; sourceTree = "<group>"; };
		93C00C02D9BD2063E80EF1DD /* Pods-Exsilio.debug.xcconfig */ = {isa = PBXFileReference; includeInIndex = 1; lastKnownFileType = text.xcconfig; name = "Pods-Exsilio.debug.xcconfig"; path = "Pods/Target Support Files/Pods-Exsilio/Pods-Exsilio.debug.xcconfig"; sourceTree = "<group>"; };
		A62A5B161CBEC6F300E605B3 /* MenuTableViewController.swift */ = {isa = PBXFileReference; fileEncoding = 4; lastKnownFileType = sourcecode.swift; path = MenuTableViewController.swift; sourceTree = "<group>"; };
		A62A5B1D1CBED6D500E605B3 /* Constants.swift */ = {isa = PBXFileReference; fileEncoding = 4; lastKnownFileType = sourcecode.swift; path = Constants.swift; sourceTree = "<group>"; };
		A6354C701CC047CE00E605B3 /* UIColor+HexString.swift */ = {isa = PBXFileReference; fileEncoding = 4; lastKnownFileType = sourcecode.swift; path = "UIColor+HexString.swift"; sourceTree = "<group>"; };
		A65A39961CBBFB3C00E605B3 /* Exsilio.app */ = {isa = PBXFileReference; explicitFileType = wrapper.application; includeInIndex = 0; path = Exsilio.app; sourceTree = BUILT_PRODUCTS_DIR; };
		A65A39991CBBFB3C00E605B3 /* AppDelegate.swift */ = {isa = PBXFileReference; lastKnownFileType = sourcecode.swift; path = AppDelegate.swift; sourceTree = "<group>"; };
		A65A399B1CBBFB3C00E605B3 /* LoginViewController.swift */ = {isa = PBXFileReference; lastKnownFileType = sourcecode.swift; path = LoginViewController.swift; sourceTree = "<group>"; };
		A65A399E1CBBFB3C00E605B3 /* Base */ = {isa = PBXFileReference; lastKnownFileType = file.storyboard; name = Base; path = Base.lproj/Main.storyboard; sourceTree = "<group>"; };
		A65A39A01CBBFB3C00E605B3 /* Assets.xcassets */ = {isa = PBXFileReference; lastKnownFileType = folder.assetcatalog; path = Assets.xcassets; sourceTree = "<group>"; };
		A65A39A31CBBFB3C00E605B3 /* Base */ = {isa = PBXFileReference; lastKnownFileType = file.storyboard; name = Base; path = Base.lproj/LaunchScreen.storyboard; sourceTree = "<group>"; };
		A65A39A51CBBFB3C00E605B3 /* Info.plist */ = {isa = PBXFileReference; lastKnownFileType = text.plist.xml; path = Info.plist; sourceTree = "<group>"; };
		A6686F811CD29DCF00E605B3 /* CreateTourViewController.swift */ = {isa = PBXFileReference; fileEncoding = 4; lastKnownFileType = sourcecode.swift; path = CreateTourViewController.swift; sourceTree = "<group>"; };
		A6686F841CD29E9100E605B3 /* AkiraTextField.swift */ = {isa = PBXFileReference; fileEncoding = 4; lastKnownFileType = sourcecode.swift; path = AkiraTextField.swift; sourceTree = "<group>"; };
		A6686F851CD29E9100E605B3 /* HoshiTextField.swift */ = {isa = PBXFileReference; fileEncoding = 4; lastKnownFileType = sourcecode.swift; path = HoshiTextField.swift; sourceTree = "<group>"; };
		A6686F861CD29E9100E605B3 /* Info.plist */ = {isa = PBXFileReference; fileEncoding = 4; lastKnownFileType = text.plist.xml; path = Info.plist; sourceTree = "<group>"; };
		A6686F871CD29E9100E605B3 /* IsaoTextField.swift */ = {isa = PBXFileReference; fileEncoding = 4; lastKnownFileType = sourcecode.swift; path = IsaoTextField.swift; sourceTree = "<group>"; };
		A6686F881CD29E9100E605B3 /* JiroTextField.swift */ = {isa = PBXFileReference; fileEncoding = 4; lastKnownFileType = sourcecode.swift; path = JiroTextField.swift; sourceTree = "<group>"; };
		A6686F891CD29E9100E605B3 /* KaedeTextField.swift */ = {isa = PBXFileReference; fileEncoding = 4; lastKnownFileType = sourcecode.swift; path = KaedeTextField.swift; sourceTree = "<group>"; };
		A6686F8A1CD29E9100E605B3 /* MadokaTextField.swift */ = {isa = PBXFileReference; fileEncoding = 4; lastKnownFileType = sourcecode.swift; path = MadokaTextField.swift; sourceTree = "<group>"; };
		A6686F8B1CD29E9100E605B3 /* MinoruTextField.swift */ = {isa = PBXFileReference; fileEncoding = 4; lastKnownFileType = sourcecode.swift; path = MinoruTextField.swift; sourceTree = "<group>"; };
		A6686F8C1CD29E9100E605B3 /* TextFieldEffects.h */ = {isa = PBXFileReference; fileEncoding = 4; lastKnownFileType = sourcecode.c.h; path = TextFieldEffects.h; sourceTree = "<group>"; };
		A6686F8D1CD29E9100E605B3 /* TextFieldsEffects.swift */ = {isa = PBXFileReference; fileEncoding = 4; lastKnownFileType = sourcecode.swift; path = TextFieldsEffects.swift; sourceTree = "<group>"; };
		A6686F8E1CD29E9100E605B3 /* YokoTextField.swift */ = {isa = PBXFileReference; fileEncoding = 4; lastKnownFileType = sourcecode.swift; path = YokoTextField.swift; sourceTree = "<group>"; };
		A6686F8F1CD29E9100E605B3 /* YoshikoTextField.swift */ = {isa = PBXFileReference; fileEncoding = 4; lastKnownFileType = sourcecode.swift; path = YoshikoTextField.swift; sourceTree = "<group>"; };
		A6686F9B1CD2A12900E605B3 /* OpenSans-Bold.ttf */ = {isa = PBXFileReference; lastKnownFileType = file; path = "OpenSans-Bold.ttf"; sourceTree = "<group>"; };
		A6686F9C1CD2A12900E605B3 /* OpenSans-BoldItalic.ttf */ = {isa = PBXFileReference; lastKnownFileType = file; path = "OpenSans-BoldItalic.ttf"; sourceTree = "<group>"; };
		A6686F9D1CD2A12900E605B3 /* OpenSans-ExtraBold.ttf */ = {isa = PBXFileReference; lastKnownFileType = file; path = "OpenSans-ExtraBold.ttf"; sourceTree = "<group>"; };
		A6686F9E1CD2A12900E605B3 /* OpenSans-ExtraBoldItalic.ttf */ = {isa = PBXFileReference; lastKnownFileType = file; path = "OpenSans-ExtraBoldItalic.ttf"; sourceTree = "<group>"; };
		A6686F9F1CD2A12900E605B3 /* OpenSans-Italic.ttf */ = {isa = PBXFileReference; lastKnownFileType = file; path = "OpenSans-Italic.ttf"; sourceTree = "<group>"; };
		A6686FA01CD2A12900E605B3 /* OpenSans-Light.ttf */ = {isa = PBXFileReference; lastKnownFileType = file; path = "OpenSans-Light.ttf"; sourceTree = "<group>"; };
		A6686FA11CD2A12900E605B3 /* OpenSans-LightItalic.ttf */ = {isa = PBXFileReference; lastKnownFileType = file; path = "OpenSans-LightItalic.ttf"; sourceTree = "<group>"; };
		A6686FA21CD2A12900E605B3 /* OpenSans-Regular.ttf */ = {isa = PBXFileReference; lastKnownFileType = file; path = "OpenSans-Regular.ttf"; sourceTree = "<group>"; };
		A6686FA31CD2A12900E605B3 /* OpenSans-Semibold.ttf */ = {isa = PBXFileReference; lastKnownFileType = file; path = "OpenSans-Semibold.ttf"; sourceTree = "<group>"; };
		A6686FA41CD2A12900E605B3 /* OpenSans-SemiboldItalic.ttf */ = {isa = PBXFileReference; lastKnownFileType = file; path = "OpenSans-SemiboldItalic.ttf"; sourceTree = "<group>"; };
		A674A7851CD100D400E605B3 /* UIImage+Scaled.swift */ = {isa = PBXFileReference; fileEncoding = 4; lastKnownFileType = sourcecode.swift; path = "UIImage+Scaled.swift"; sourceTree = "<group>"; };
		A674A7871CD100E700E605B3 /* Dictionary+Merge.swift */ = {isa = PBXFileReference; fileEncoding = 4; lastKnownFileType = sourcecode.swift; path = "Dictionary+Merge.swift"; sourceTree = "<group>"; };
		A674A78B1CD1082500E605B3 /* SearchViewController.swift */ = {isa = PBXFileReference; fileEncoding = 4; lastKnownFileType = sourcecode.swift; path = SearchViewController.swift; sourceTree = "<group>"; };
		A674A78D1CD108D800E605B3 /* ToursTableViewController.swift */ = {isa = PBXFileReference; fileEncoding = 4; lastKnownFileType = sourcecode.swift; path = ToursTableViewController.swift; sourceTree = "<group>"; };
		A674A78F1CD108F600E605B3 /* CreateTourNavigationController.swift */ = {isa = PBXFileReference; fileEncoding = 4; lastKnownFileType = sourcecode.swift; path = CreateTourNavigationController.swift; sourceTree = "<group>"; };
		A689046E1CD112E000E605B3 /* ObjCBridge.h */ = {isa = PBXFileReference; lastKnownFileType = sourcecode.c.h; path = ObjCBridge.h; sourceTree = "<group>"; };
		A6CBBC171CD3CD6300E605B3 /* EXLabel.swift */ = {isa = PBXFileReference; fileEncoding = 4; lastKnownFileType = sourcecode.swift; path = EXLabel.swift; sourceTree = "<group>"; };
		A6F1DD421CBC074C00E605B3 /* EXButton.swift */ = {isa = PBXFileReference; fileEncoding = 4; lastKnownFileType = sourcecode.swift; path = EXButton.swift; sourceTree = "<group>"; };
		C93B9481166D72ABA6A920B9 /* Pods_Exsilio.framework */ = {isa = PBXFileReference; explicitFileType = wrapper.framework; includeInIndex = 0; path = Pods_Exsilio.framework; sourceTree = BUILT_PRODUCTS_DIR; };
/* End PBXFileReference section */

/* Begin PBXFrameworksBuildPhase section */
		A65A39931CBBFB3C00E605B3 /* Frameworks */ = {
			isa = PBXFrameworksBuildPhase;
			buildActionMask = 2147483647;
			files = (
				8092604BE0F6352099AE4E71 /* Pods_Exsilio.framework in Frameworks */,
			);
			runOnlyForDeploymentPostprocessing = 0;
		};
/* End PBXFrameworksBuildPhase section */

/* Begin PBXGroup section */
		09516E61381D674892E16F40 /* Pods */ = {
			isa = PBXGroup;
			children = (
				93C00C02D9BD2063E80EF1DD /* Pods-Exsilio.debug.xcconfig */,
				6809C36672D894B782C3C8FD /* Pods-Exsilio.release.xcconfig */,
			);
			name = Pods;
			sourceTree = "<group>";
		};
		976AA7F49EF47297BE143AA5 /* Frameworks */ = {
			isa = PBXGroup;
			children = (
				C93B9481166D72ABA6A920B9 /* Pods_Exsilio.framework */,
			);
			name = Frameworks;
			sourceTree = "<group>";
		};
		A6354C6F1CC047BD00E605B3 /* Extensions */ = {
			isa = PBXGroup;
			children = (
				A6354C701CC047CE00E605B3 /* UIColor+HexString.swift */,
				A674A7851CD100D400E605B3 /* UIImage+Scaled.swift */,
				A674A7871CD100E700E605B3 /* Dictionary+Merge.swift */,
			);
			name = Extensions;
			sourceTree = "<group>";
		};
		A65A398D1CBBFB3C00E605B3 = {
			isa = PBXGroup;
			children = (
				A65A39981CBBFB3C00E605B3 /* Exsilio */,
				A65A39971CBBFB3C00E605B3 /* Products */,
				09516E61381D674892E16F40 /* Pods */,
				976AA7F49EF47297BE143AA5 /* Frameworks */,
			);
			sourceTree = "<group>";
		};
		A65A39971CBBFB3C00E605B3 /* Products */ = {
			isa = PBXGroup;
			children = (
				A65A39961CBBFB3C00E605B3 /* Exsilio.app */,
			);
			name = Products;
			sourceTree = "<group>";
		};
		A65A39981CBBFB3C00E605B3 /* Exsilio */ = {
			isa = PBXGroup;
			children = (
				A674A78A1CD1081C00E605B3 /* Search */,
				A674A7891CD1081800E605B3 /* Tours */,
				A65A399B1CBBFB3C00E605B3 /* LoginViewController.swift */,
				A65A39991CBBFB3C00E605B3 /* AppDelegate.swift */,
				A62A5B161CBEC6F300E605B3 /* MenuTableViewController.swift */,
				A65A399D1CBBFB3C00E605B3 /* Main.storyboard */,
				A6F1DD361CBC046000E605B3 /* Supporting Files */,
			);
			path = Exsilio;
			sourceTree = "<group>";
		};
		A6686F831CD29E9100E605B3 /* TextFieldEffects */ = {
			isa = PBXGroup;
			children = (
				A6686F841CD29E9100E605B3 /* AkiraTextField.swift */,
				A6686F851CD29E9100E605B3 /* HoshiTextField.swift */,
				A6686F861CD29E9100E605B3 /* Info.plist */,
				A6686F871CD29E9100E605B3 /* IsaoTextField.swift */,
				A6686F881CD29E9100E605B3 /* JiroTextField.swift */,
				A6686F891CD29E9100E605B3 /* KaedeTextField.swift */,
				A6686F8A1CD29E9100E605B3 /* MadokaTextField.swift */,
				A6686F8B1CD29E9100E605B3 /* MinoruTextField.swift */,
				A6686F8C1CD29E9100E605B3 /* TextFieldEffects.h */,
				A6686F8D1CD29E9100E605B3 /* TextFieldsEffects.swift */,
				A6686F8E1CD29E9100E605B3 /* YokoTextField.swift */,
				A6686F8F1CD29E9100E605B3 /* YoshikoTextField.swift */,
			);
			path = TextFieldEffects;
			sourceTree = "<group>";
		};
		A674A7891CD1081800E605B3 /* Tours */ = {
			isa = PBXGroup;
			children = (
				A674A78D1CD108D800E605B3 /* ToursTableViewController.swift */,
				A674A78F1CD108F600E605B3 /* CreateTourNavigationController.swift */,
				A6686F811CD29DCF00E605B3 /* CreateTourViewController.swift */,
			);
			name = Tours;
			sourceTree = "<group>";
		};
		A674A78A1CD1081C00E605B3 /* Search */ = {
			isa = PBXGroup;
			children = (
				A674A78B1CD1082500E605B3 /* SearchViewController.swift */,
			);
			name = Search;
			sourceTree = "<group>";
		};
		A6F1DD361CBC046000E605B3 /* Supporting Files */ = {
			isa = PBXGroup;
			children = (
				A6354C6F1CC047BD00E605B3 /* Extensions */,
				A6F1DD441CBC0B4A00E605B3 /* Views */,
				A6F1DD411CBC048F00E605B3 /* Fonts */,
				A65A39A01CBBFB3C00E605B3 /* Assets.xcassets */,
				A65A39A21CBBFB3C00E605B3 /* LaunchScreen.storyboard */,
				A65A39A51CBBFB3C00E605B3 /* Info.plist */,
				A62A5B1D1CBED6D500E605B3 /* Constants.swift */,
				A689046E1CD112E000E605B3 /* ObjCBridge.h */,
			);
			name = "Supporting Files";
			sourceTree = "<group>";
		};
		A6F1DD411CBC048F00E605B3 /* Fonts */ = {
			isa = PBXGroup;
			children = (
				A6686F9B1CD2A12900E605B3 /* OpenSans-Bold.ttf */,
				A6686F9C1CD2A12900E605B3 /* OpenSans-BoldItalic.ttf */,
				A6686F9D1CD2A12900E605B3 /* OpenSans-ExtraBold.ttf */,
				A6686F9E1CD2A12900E605B3 /* OpenSans-ExtraBoldItalic.ttf */,
				A6686F9F1CD2A12900E605B3 /* OpenSans-Italic.ttf */,
				A6686FA01CD2A12900E605B3 /* OpenSans-Light.ttf */,
				A6686FA11CD2A12900E605B3 /* OpenSans-LightItalic.ttf */,
				A6686FA21CD2A12900E605B3 /* OpenSans-Regular.ttf */,
				A6686FA31CD2A12900E605B3 /* OpenSans-Semibold.ttf */,
				A6686FA41CD2A12900E605B3 /* OpenSans-SemiboldItalic.ttf */,
			);
			name = Fonts;
			sourceTree = "<group>";
		};
		A6F1DD441CBC0B4A00E605B3 /* Views */ = {
			isa = PBXGroup;
			children = (
				A6686F831CD29E9100E605B3 /* TextFieldEffects */,
				A6F1DD421CBC074C00E605B3 /* EXButton.swift */,
				A6CBBC171CD3CD6300E605B3 /* EXLabel.swift */,
			);
			name = Views;
			sourceTree = "<group>";
		};
/* End PBXGroup section */

/* Begin PBXNativeTarget section */
		A65A39951CBBFB3C00E605B3 /* Exsilio */ = {
			isa = PBXNativeTarget;
			buildConfigurationList = A65A39A81CBBFB3C00E605B3 /* Build configuration list for PBXNativeTarget "Exsilio" */;
			buildPhases = (
				D643D76A537EDD787BF20A1B /* 📦 Check Pods Manifest.lock */,
				A65A39921CBBFB3C00E605B3 /* Sources */,
				A65A39931CBBFB3C00E605B3 /* Frameworks */,
				A65A39941CBBFB3C00E605B3 /* Resources */,
				757C270E7909E6874CAFFFB6 /* 📦 Embed Pods Frameworks */,
				D07C83D352B0B235C4E51E43 /* 📦 Copy Pods Resources */,
			);
			buildRules = (
			);
			dependencies = (
			);
			name = Exsilio;
			productName = Exsilio;
			productReference = A65A39961CBBFB3C00E605B3 /* Exsilio.app */;
			productType = "com.apple.product-type.application";
		};
/* End PBXNativeTarget section */

/* Begin PBXProject section */
		A65A398E1CBBFB3C00E605B3 /* Project object */ = {
			isa = PBXProject;
			attributes = {
				LastSwiftUpdateCheck = 0730;
				LastUpgradeCheck = 0730;
				TargetAttributes = {
					A65A39951CBBFB3C00E605B3 = {
						CreatedOnToolsVersion = 7.3;
					};
				};
			};
			buildConfigurationList = A65A39911CBBFB3C00E605B3 /* Build configuration list for PBXProject "Exsilio" */;
			compatibilityVersion = "Xcode 3.2";
			developmentRegion = English;
			hasScannedForEncodings = 0;
			knownRegions = (
				en,
				Base,
			);
			mainGroup = A65A398D1CBBFB3C00E605B3;
			productRefGroup = A65A39971CBBFB3C00E605B3 /* Products */;
			projectDirPath = "";
			projectRoot = "";
			targets = (
				A65A39951CBBFB3C00E605B3 /* Exsilio */,
			);
		};
/* End PBXProject section */

/* Begin PBXResourcesBuildPhase section */
		A65A39941CBBFB3C00E605B3 /* Resources */ = {
			isa = PBXResourcesBuildPhase;
			buildActionMask = 2147483647;
			files = (
				A6686FA91CD2A12900E605B3 /* OpenSans-Italic.ttf in Resources */,
				A6686FA61CD2A12900E605B3 /* OpenSans-BoldItalic.ttf in Resources */,
				A6686F921CD29E9100E605B3 /* Info.plist in Resources */,
				A6686FAD1CD2A12900E605B3 /* OpenSans-Semibold.ttf in Resources */,
				A6686FA71CD2A12900E605B3 /* OpenSans-ExtraBold.ttf in Resources */,
				A65A39A41CBBFB3C00E605B3 /* LaunchScreen.storyboard in Resources */,
				A6686FAB1CD2A12900E605B3 /* OpenSans-LightItalic.ttf in Resources */,
				A65A39A11CBBFB3C00E605B3 /* Assets.xcassets in Resources */,
				A6686FA51CD2A12900E605B3 /* OpenSans-Bold.ttf in Resources */,
				A65A399F1CBBFB3C00E605B3 /* Main.storyboard in Resources */,
				A6686FAE1CD2A12900E605B3 /* OpenSans-SemiboldItalic.ttf in Resources */,
				A6686FAA1CD2A12900E605B3 /* OpenSans-Light.ttf in Resources */,
				A6686FAC1CD2A12900E605B3 /* OpenSans-Regular.ttf in Resources */,
				A6686FA81CD2A12900E605B3 /* OpenSans-ExtraBoldItalic.ttf in Resources */,
			);
			runOnlyForDeploymentPostprocessing = 0;
		};
/* End PBXResourcesBuildPhase section */

/* Begin PBXShellScriptBuildPhase section */
		757C270E7909E6874CAFFFB6 /* 📦 Embed Pods Frameworks */ = {
			isa = PBXShellScriptBuildPhase;
			buildActionMask = 2147483647;
			files = (
			);
			inputPaths = (
			);
			name = "📦 Embed Pods Frameworks";
			outputPaths = (
			);
			runOnlyForDeploymentPostprocessing = 0;
			shellPath = /bin/sh;
			shellScript = "\"${SRCROOT}/Pods/Target Support Files/Pods-Exsilio/Pods-Exsilio-frameworks.sh\"\n";
			showEnvVarsInLog = 0;
		};
		D07C83D352B0B235C4E51E43 /* 📦 Copy Pods Resources */ = {
			isa = PBXShellScriptBuildPhase;
			buildActionMask = 2147483647;
			files = (
			);
			inputPaths = (
			);
			name = "📦 Copy Pods Resources";
			outputPaths = (
			);
			runOnlyForDeploymentPostprocessing = 0;
			shellPath = /bin/sh;
			shellScript = "\"${SRCROOT}/Pods/Target Support Files/Pods-Exsilio/Pods-Exsilio-resources.sh\"\n";
			showEnvVarsInLog = 0;
		};
		D643D76A537EDD787BF20A1B /* 📦 Check Pods Manifest.lock */ = {
			isa = PBXShellScriptBuildPhase;
			buildActionMask = 2147483647;
			files = (
			);
			inputPaths = (
			);
			name = "📦 Check Pods Manifest.lock";
			outputPaths = (
			);
			runOnlyForDeploymentPostprocessing = 0;
			shellPath = /bin/sh;
			shellScript = "diff \"${PODS_ROOT}/../Podfile.lock\" \"${PODS_ROOT}/Manifest.lock\" > /dev/null\nif [[ $? != 0 ]] ; then\n    cat << EOM\nerror: The sandbox is not in sync with the Podfile.lock. Run 'pod install' or update your CocoaPods installation.\nEOM\n    exit 1\nfi\n";
			showEnvVarsInLog = 0;
		};
/* End PBXShellScriptBuildPhase section */

/* Begin PBXSourcesBuildPhase section */
		A65A39921CBBFB3C00E605B3 /* Sources */ = {
			isa = PBXSourcesBuildPhase;
			buildActionMask = 2147483647;
			files = (
				A674A78C1CD1082500E605B3 /* SearchViewController.swift in Sources */,
				A6686F911CD29E9100E605B3 /* HoshiTextField.swift in Sources */,
				A674A78E1CD108D800E605B3 /* ToursTableViewController.swift in Sources */,
				A6686F951CD29E9100E605B3 /* KaedeTextField.swift in Sources */,
				A674A7881CD100E700E605B3 /* Dictionary+Merge.swift in Sources */,
				A65A399C1CBBFB3C00E605B3 /* LoginViewController.swift in Sources */,
				A6686F9A1CD29E9100E605B3 /* YoshikoTextField.swift in Sources */,
				A62A5B171CBEC6F300E605B3 /* MenuTableViewController.swift in Sources */,
				A6F1DD431CBC074C00E605B3 /* EXButton.swift in Sources */,
				A65A399A1CBBFB3C00E605B3 /* AppDelegate.swift in Sources */,
				A62A5B1E1CBED6D500E605B3 /* Constants.swift in Sources */,
				A6686F931CD29E9100E605B3 /* IsaoTextField.swift in Sources */,
				A6CBBC181CD3CD6300E605B3 /* EXLabel.swift in Sources */,
				A6686F901CD29E9100E605B3 /* AkiraTextField.swift in Sources */,
				A6686F961CD29E9100E605B3 /* MadokaTextField.swift in Sources */,
				A6686F971CD29E9100E605B3 /* MinoruTextField.swift in Sources */,
				A6686F991CD29E9100E605B3 /* YokoTextField.swift in Sources */,
				A6686F981CD29E9100E605B3 /* TextFieldsEffects.swift in Sources */,
				A6686F941CD29E9100E605B3 /* JiroTextField.swift in Sources */,
				A6354C711CC047CE00E605B3 /* UIColor+HexString.swift in Sources */,
				A674A7901CD108F600E605B3 /* CreateTourNavigationController.swift in Sources */,
				A6686F821CD29DCF00E605B3 /* CreateTourViewController.swift in Sources */,
				A674A7861CD100D400E605B3 /* UIImage+Scaled.swift in Sources */,
			);
			runOnlyForDeploymentPostprocessing = 0;
		};
/* End PBXSourcesBuildPhase section */

/* Begin PBXVariantGroup section */
		A65A399D1CBBFB3C00E605B3 /* Main.storyboard */ = {
			isa = PBXVariantGroup;
			children = (
				A65A399E1CBBFB3C00E605B3 /* Base */,
			);
			name = Main.storyboard;
			sourceTree = "<group>";
		};
		A65A39A21CBBFB3C00E605B3 /* LaunchScreen.storyboard */ = {
			isa = PBXVariantGroup;
			children = (
				A65A39A31CBBFB3C00E605B3 /* Base */,
			);
			name = LaunchScreen.storyboard;
			sourceTree = "<group>";
		};
/* End PBXVariantGroup section */

/* Begin XCBuildConfiguration section */
		A65A39A61CBBFB3C00E605B3 /* Debug */ = {
			isa = XCBuildConfiguration;
			buildSettings = {
				ALWAYS_SEARCH_USER_PATHS = NO;
				CLANG_ANALYZER_NONNULL = YES;
				CLANG_CXX_LANGUAGE_STANDARD = "gnu++0x";
				CLANG_CXX_LIBRARY = "libc++";
				CLANG_ENABLE_MODULES = YES;
				CLANG_ENABLE_OBJC_ARC = YES;
				CLANG_WARN_BOOL_CONVERSION = YES;
				CLANG_WARN_CONSTANT_CONVERSION = YES;
				CLANG_WARN_DIRECT_OBJC_ISA_USAGE = YES_ERROR;
				CLANG_WARN_EMPTY_BODY = YES;
				CLANG_WARN_ENUM_CONVERSION = YES;
				CLANG_WARN_INT_CONVERSION = YES;
				CLANG_WARN_OBJC_ROOT_CLASS = YES_ERROR;
				CLANG_WARN_UNREACHABLE_CODE = YES;
				CLANG_WARN__DUPLICATE_METHOD_MATCH = YES;
				"CODE_SIGN_IDENTITY[sdk=iphoneos*]" = "iPhone Developer";
				COPY_PHASE_STRIP = NO;
				DEBUG_INFORMATION_FORMAT = dwarf;
				ENABLE_STRICT_OBJC_MSGSEND = YES;
				ENABLE_TESTABILITY = YES;
				GCC_C_LANGUAGE_STANDARD = gnu99;
				GCC_DYNAMIC_NO_PIC = NO;
				GCC_NO_COMMON_BLOCKS = YES;
				GCC_OPTIMIZATION_LEVEL = 0;
				GCC_PREPROCESSOR_DEFINITIONS = (
					"DEBUG=1",
					"$(inherited)",
				);
				GCC_WARN_64_TO_32_BIT_CONVERSION = YES;
				GCC_WARN_ABOUT_RETURN_TYPE = YES_ERROR;
				GCC_WARN_UNDECLARED_SELECTOR = YES;
				GCC_WARN_UNINITIALIZED_AUTOS = YES_AGGRESSIVE;
				GCC_WARN_UNUSED_FUNCTION = YES;
				GCC_WARN_UNUSED_VARIABLE = YES;
				IPHONEOS_DEPLOYMENT_TARGET = 9.3;
				MTL_ENABLE_DEBUG_INFO = YES;
				ONLY_ACTIVE_ARCH = YES;
				SDKROOT = iphoneos;
				SWIFT_OBJC_BRIDGING_HEADER = Exsilio/ObjCBridge.h;
				SWIFT_OPTIMIZATION_LEVEL = "-Onone";
				TARGETED_DEVICE_FAMILY = "1,2";
			};
			name = Debug;
		};
		A65A39A71CBBFB3C00E605B3 /* Release */ = {
			isa = XCBuildConfiguration;
			buildSettings = {
				ALWAYS_SEARCH_USER_PATHS = NO;
				CLANG_ANALYZER_NONNULL = YES;
				CLANG_CXX_LANGUAGE_STANDARD = "gnu++0x";
				CLANG_CXX_LIBRARY = "libc++";
				CLANG_ENABLE_MODULES = YES;
				CLANG_ENABLE_OBJC_ARC = YES;
				CLANG_WARN_BOOL_CONVERSION = YES;
				CLANG_WARN_CONSTANT_CONVERSION = YES;
				CLANG_WARN_DIRECT_OBJC_ISA_USAGE = YES_ERROR;
				CLANG_WARN_EMPTY_BODY = YES;
				CLANG_WARN_ENUM_CONVERSION = YES;
				CLANG_WARN_INT_CONVERSION = YES;
				CLANG_WARN_OBJC_ROOT_CLASS = YES_ERROR;
				CLANG_WARN_UNREACHABLE_CODE = YES;
				CLANG_WARN__DUPLICATE_METHOD_MATCH = YES;
				"CODE_SIGN_IDENTITY[sdk=iphoneos*]" = "iPhone Developer";
				COPY_PHASE_STRIP = NO;
				DEBUG_INFORMATION_FORMAT = "dwarf-with-dsym";
				ENABLE_NS_ASSERTIONS = NO;
				ENABLE_STRICT_OBJC_MSGSEND = YES;
				GCC_C_LANGUAGE_STANDARD = gnu99;
				GCC_NO_COMMON_BLOCKS = YES;
				GCC_WARN_64_TO_32_BIT_CONVERSION = YES;
				GCC_WARN_ABOUT_RETURN_TYPE = YES_ERROR;
				GCC_WARN_UNDECLARED_SELECTOR = YES;
				GCC_WARN_UNINITIALIZED_AUTOS = YES_AGGRESSIVE;
				GCC_WARN_UNUSED_FUNCTION = YES;
				GCC_WARN_UNUSED_VARIABLE = YES;
				IPHONEOS_DEPLOYMENT_TARGET = 9.3;
				MTL_ENABLE_DEBUG_INFO = NO;
				SDKROOT = iphoneos;
				SWIFT_OBJC_BRIDGING_HEADER = Exsilio/ObjCBridge.h;
				TARGETED_DEVICE_FAMILY = "1,2";
				VALIDATE_PRODUCT = YES;
			};
			name = Release;
		};
		A65A39A91CBBFB3C00E605B3 /* Debug */ = {
			isa = XCBuildConfiguration;
			baseConfigurationReference = 93C00C02D9BD2063E80EF1DD /* Pods-Exsilio.debug.xcconfig */;
			buildSettings = {
				ASSETCATALOG_COMPILER_APPICON_NAME = AppIcon;
				INFOPLIST_FILE = Exsilio/Info.plist;
				LD_RUNPATH_SEARCH_PATHS = "$(inherited) @executable_path/Frameworks";
				OTHER_SWIFT_FLAGS = "$(inherited) \"-DDEBUG\"";
				PRODUCT_BUNDLE_IDENTIFIER = com.whitepaperclip.Exsilio;
				PRODUCT_NAME = "$(TARGET_NAME)";
			};
			name = Debug;
		};
		A65A39AA1CBBFB3C00E605B3 /* Release */ = {
			isa = XCBuildConfiguration;
			baseConfigurationReference = 6809C36672D894B782C3C8FD /* Pods-Exsilio.release.xcconfig */;
			buildSettings = {
				ASSETCATALOG_COMPILER_APPICON_NAME = AppIcon;
				INFOPLIST_FILE = Exsilio/Info.plist;
				LD_RUNPATH_SEARCH_PATHS = "$(inherited) @executable_path/Frameworks";
				OTHER_SWIFT_FLAGS = "$(inherited) \"-DRELEASE\"";
				PRODUCT_BUNDLE_IDENTIFIER = com.whitepaperclip.Exsilio;
				PRODUCT_NAME = "$(TARGET_NAME)";
			};
			name = Release;
		};
/* End XCBuildConfiguration section */

/* Begin XCConfigurationList section */
		A65A39911CBBFB3C00E605B3 /* Build configuration list for PBXProject "Exsilio" */ = {
			isa = XCConfigurationList;
			buildConfigurations = (
				A65A39A61CBBFB3C00E605B3 /* Debug */,
				A65A39A71CBBFB3C00E605B3 /* Release */,
			);
			defaultConfigurationIsVisible = 0;
			defaultConfigurationName = Release;
		};
		A65A39A81CBBFB3C00E605B3 /* Build configuration list for PBXNativeTarget "Exsilio" */ = {
			isa = XCConfigurationList;
			buildConfigurations = (
				A65A39A91CBBFB3C00E605B3 /* Debug */,
				A65A39AA1CBBFB3C00E605B3 /* Release */,
			);
			defaultConfigurationIsVisible = 0;
			defaultConfigurationName = Release;
		};
/* End XCConfigurationList section */
	};
	rootObject = A65A398E1CBBFB3C00E605B3 /* Project object */;
}
