// !$*UTF8*$!
{
	archiveVersion = 1;
	classes = {
	};
	objectVersion = 46;
	objects = {

/* Begin PBXBuildFile section */
		8092604BE0F6352099AE4E71 /* Pods_Exsilio.framework in Frameworks */ = {isa = PBXBuildFile; fileRef = C93B9481166D72ABA6A920B9 /* Pods_Exsilio.framework */; };
		A606BA611CDB9F8800E605B3 /* Configuration.plist.example in Resources */ = {isa = PBXBuildFile; fileRef = A606BA601CDB9F8800E605B3 /* Configuration.plist.example */; };
		A606BA631CDBA07D00E605B3 /* Configuration.plist in Resources */ = {isa = PBXBuildFile; fileRef = A606BA621CDBA07D00E605B3 /* Configuration.plist */; };
		A60A60EA1D020AA200E605B3 /* TourTableViewCell.xib in Resources */ = {isa = PBXBuildFile; fileRef = A60A60E91D020AA200E605B3 /* TourTableViewCell.xib */; };
		A611CD591CDBA2F700E605B3 /* MapViewController.swift in Sources */ = {isa = PBXBuildFile; fileRef = A611CD581CDBA2F700E605B3 /* MapViewController.swift */; };
		A611CD5D1CDBA9F800E605B3 /* LaunchScreen.storyboard in Resources */ = {isa = PBXBuildFile; fileRef = A611CD5C1CDBA9F800E605B3 /* LaunchScreen.storyboard */; };
		A611CD5F1CDBAD8D00E605B3 /* CurrentTourSingleton.swift in Sources */ = {isa = PBXBuildFile; fileRef = A611CD5E1CDBAD8D00E605B3 /* CurrentTourSingleton.swift */; };
		A62219FC1CEE0FEC00E605B3 /* TourPreviewViewController.swift in Sources */ = {isa = PBXBuildFile; fileRef = A62219FB1CEE0FEC00E605B3 /* TourPreviewViewController.swift */; };
		A6234C851D09C04B00E605B3 /* FiltersViewController.swift in Sources */ = {isa = PBXBuildFile; fileRef = A6234C841D09C04B00E605B3 /* FiltersViewController.swift */; };
		A62A5B1E1CBED6D500E605B3 /* Constants.swift in Sources */ = {isa = PBXBuildFile; fileRef = A62A5B1D1CBED6D500E605B3 /* Constants.swift */; };
		A6354C711CC047CE00E605B3 /* UIColor+HexString.swift in Sources */ = {isa = PBXBuildFile; fileRef = A6354C701CC047CE00E605B3 /* UIColor+HexString.swift */; };
		A63910981D08740300E605B3 /* MainTabBarController.swift in Sources */ = {isa = PBXBuildFile; fileRef = A63910971D08740300E605B3 /* MainTabBarController.swift */; };
		A639109C1D0888E400E605B3 /* SettingsViewController.swift in Sources */ = {isa = PBXBuildFile; fileRef = A639109B1D0888E400E605B3 /* SettingsViewController.swift */; };
		A65A399A1CBBFB3C00E605B3 /* AppDelegate.swift in Sources */ = {isa = PBXBuildFile; fileRef = A65A39991CBBFB3C00E605B3 /* AppDelegate.swift */; };
		A65A399C1CBBFB3C00E605B3 /* LoginViewController.swift in Sources */ = {isa = PBXBuildFile; fileRef = A65A399B1CBBFB3C00E605B3 /* LoginViewController.swift */; };
		A65A399F1CBBFB3C00E605B3 /* Main.storyboard in Resources */ = {isa = PBXBuildFile; fileRef = A65A399D1CBBFB3C00E605B3 /* Main.storyboard */; };
		A65A39A11CBBFB3C00E605B3 /* Assets.xcassets in Resources */ = {isa = PBXBuildFile; fileRef = A65A39A01CBBFB3C00E605B3 /* Assets.xcassets */; };
		A66029C01D1EF29200E605B3 /* DirectionsHeaderView.swift in Sources */ = {isa = PBXBuildFile; fileRef = A66029BF1D1EF29200E605B3 /* DirectionsHeaderView.swift */; };
		A66574DF1D2191C100E605B3 /* TabControlsView.swift in Sources */ = {isa = PBXBuildFile; fileRef = A66574DE1D2191C100E605B3 /* TabControlsView.swift */; };
		A667BE4E1D05D98800E605B3 /* ExpandedTourTableViewCell.xib in Resources */ = {isa = PBXBuildFile; fileRef = A667BE4D1D05D98800E605B3 /* ExpandedTourTableViewCell.xib */; };
		A667BE501D05D9A900E605B3 /* ExpandedTourTableViewCell.swift in Sources */ = {isa = PBXBuildFile; fileRef = A667BE4F1D05D9A900E605B3 /* ExpandedTourTableViewCell.swift */; };
		A6686F821CD29DCF00E605B3 /* CreateTourViewController.swift in Sources */ = {isa = PBXBuildFile; fileRef = A6686F811CD29DCF00E605B3 /* CreateTourViewController.swift */; };
		A6686FA51CD2A12900E605B3 /* OpenSans-Bold.ttf in Resources */ = {isa = PBXBuildFile; fileRef = A6686F9B1CD2A12900E605B3 /* OpenSans-Bold.ttf */; };
		A6686FA61CD2A12900E605B3 /* OpenSans-BoldItalic.ttf in Resources */ = {isa = PBXBuildFile; fileRef = A6686F9C1CD2A12900E605B3 /* OpenSans-BoldItalic.ttf */; };
		A6686FA71CD2A12900E605B3 /* OpenSans-ExtraBold.ttf in Resources */ = {isa = PBXBuildFile; fileRef = A6686F9D1CD2A12900E605B3 /* OpenSans-ExtraBold.ttf */; };
		A6686FA81CD2A12900E605B3 /* OpenSans-ExtraBoldItalic.ttf in Resources */ = {isa = PBXBuildFile; fileRef = A6686F9E1CD2A12900E605B3 /* OpenSans-ExtraBoldItalic.ttf */; };
		A6686FA91CD2A12900E605B3 /* OpenSans-Italic.ttf in Resources */ = {isa = PBXBuildFile; fileRef = A6686F9F1CD2A12900E605B3 /* OpenSans-Italic.ttf */; };
		A6686FAA1CD2A12900E605B3 /* OpenSans-Light.ttf in Resources */ = {isa = PBXBuildFile; fileRef = A6686FA01CD2A12900E605B3 /* OpenSans-Light.ttf */; };
		A6686FAB1CD2A12900E605B3 /* OpenSans-LightItalic.ttf in Resources */ = {isa = PBXBuildFile; fileRef = A6686FA11CD2A12900E605B3 /* OpenSans-LightItalic.ttf */; };
		A6686FAC1CD2A12900E605B3 /* OpenSans-Regular.ttf in Resources */ = {isa = PBXBuildFile; fileRef = A6686FA21CD2A12900E605B3 /* OpenSans-Regular.ttf */; };
		A6686FAD1CD2A12900E605B3 /* OpenSans-Semibold.ttf in Resources */ = {isa = PBXBuildFile; fileRef = A6686FA31CD2A12900E605B3 /* OpenSans-Semibold.ttf */; };
		A6686FAE1CD2A12900E605B3 /* OpenSans-SemiboldItalic.ttf in Resources */ = {isa = PBXBuildFile; fileRef = A6686FA41CD2A12900E605B3 /* OpenSans-SemiboldItalic.ttf */; };
		A674A7861CD100D400E605B3 /* UIImage+Extensions.swift in Sources */ = {isa = PBXBuildFile; fileRef = A674A7851CD100D400E605B3 /* UIImage+Extensions.swift */; };
		A674A7881CD100E700E605B3 /* Dictionary+Merge.swift in Sources */ = {isa = PBXBuildFile; fileRef = A674A7871CD100E700E605B3 /* Dictionary+Merge.swift */; };
		A674A78C1CD1082500E605B3 /* SearchTableViewController.swift in Sources */ = {isa = PBXBuildFile; fileRef = A674A78B1CD1082500E605B3 /* SearchTableViewController.swift */; };
		A674A78E1CD108D800E605B3 /* ToursTableViewController.swift in Sources */ = {isa = PBXBuildFile; fileRef = A674A78D1CD108D800E605B3 /* ToursTableViewController.swift */; };
		A674A7901CD108F600E605B3 /* CreateTourNavigationController.swift in Sources */ = {isa = PBXBuildFile; fileRef = A674A78F1CD108F600E605B3 /* CreateTourNavigationController.swift */; };
		A67D61F31D3C3BC900E605B3 /* ActiveWaypointView.swift in Sources */ = {isa = PBXBuildFile; fileRef = A67D61F21D3C3BC900E605B3 /* ActiveWaypointView.swift */; };
		A68DE8431D3E5E4600E605B3 /* AVFoundation.framework in Frameworks */ = {isa = PBXBuildFile; fileRef = A68DE8421D3E5E4600E605B3 /* AVFoundation.framework */; };
		A6A3B8321CF7489E00E605B3 /* WaypointsTableViewController.swift in Sources */ = {isa = PBXBuildFile; fileRef = A6A3B8311CF7489E00E605B3 /* WaypointsTableViewController.swift */; };
		A6A3B8341CF7510000E605B3 /* WaypointTableViewCell.swift in Sources */ = {isa = PBXBuildFile; fileRef = A6A3B8331CF7510000E605B3 /* WaypointTableViewCell.swift */; };
		A6CBBC181CD3CD6300E605B3 /* EXLabel.swift in Sources */ = {isa = PBXBuildFile; fileRef = A6CBBC171CD3CD6300E605B3 /* EXLabel.swift */; };
		A6CBBC1A1CD3DABB00E605B3 /* WaypointViewController.swift in Sources */ = {isa = PBXBuildFile; fileRef = A6CBBC191CD3DABB00E605B3 /* WaypointViewController.swift */; };
		A6CC4B101D1C49E200E605B3 /* ActiveTourViewController.swift in Sources */ = {isa = PBXBuildFile; fileRef = A6CC4B0F1D1C49E200E605B3 /* ActiveTourViewController.swift */; };
		A6DFDFF91CECC07C00E605B3 /* TourTableViewCell.swift in Sources */ = {isa = PBXBuildFile; fileRef = A6DFDFF81CECC07C00E605B3 /* TourTableViewCell.swift */; };
		A6F1DD431CBC074C00E605B3 /* EXButton.swift in Sources */ = {isa = PBXBuildFile; fileRef = A6F1DD421CBC074C00E605B3 /* EXButton.swift */; };
/* End PBXBuildFile section */

/* Begin PBXFileReference section */
		6809C36672D894B782C3C8FD /* Pods-Exsilio.release.xcconfig */ = {isa = PBXFileReference; includeInIndex = 1; lastKnownFileType = text.xcconfig; name = "Pods-Exsilio.release.xcconfig"; path = "Pods/Target Support Files/Pods-Exsilio/Pods-Exsilio.release.xcconfig"; sourceTree = "<group>"; };
		93C00C02D9BD2063E80EF1DD /* Pods-Exsilio.debug.xcconfig */ = {isa = PBXFileReference; includeInIndex = 1; lastKnownFileType = text.xcconfig; name = "Pods-Exsilio.debug.xcconfig"; path = "Pods/Target Support Files/Pods-Exsilio/Pods-Exsilio.debug.xcconfig"; sourceTree = "<group>"; };
		A606BA601CDB9F8800E605B3 /* Configuration.plist.example */ = {isa = PBXFileReference; fileEncoding = 4; lastKnownFileType = text.xml; path = Configuration.plist.example; sourceTree = "<group>"; };
		A606BA621CDBA07D00E605B3 /* Configuration.plist */ = {isa = PBXFileReference; fileEncoding = 4; lastKnownFileType = text.plist.xml; path = Configuration.plist; sourceTree = "<group>"; };
		A60A60E91D020AA200E605B3 /* TourTableViewCell.xib */ = {isa = PBXFileReference; fileEncoding = 4; lastKnownFileType = file.xib; path = TourTableViewCell.xib; sourceTree = "<group>"; };
		A611CD581CDBA2F700E605B3 /* MapViewController.swift */ = {isa = PBXFileReference; fileEncoding = 4; lastKnownFileType = sourcecode.swift; lineEnding = 0; path = MapViewController.swift; sourceTree = "<group>"; xcLanguageSpecificationIdentifier = xcode.lang.swift; };
		A611CD5C1CDBA9F800E605B3 /* LaunchScreen.storyboard */ = {isa = PBXFileReference; fileEncoding = 4; lastKnownFileType = file.storyboard; path = LaunchScreen.storyboard; sourceTree = "<group>"; };
		A611CD5E1CDBAD8D00E605B3 /* CurrentTourSingleton.swift */ = {isa = PBXFileReference; fileEncoding = 4; lastKnownFileType = sourcecode.swift; path = CurrentTourSingleton.swift; sourceTree = "<group>"; };
		A62219FB1CEE0FEC00E605B3 /* TourPreviewViewController.swift */ = {isa = PBXFileReference; fileEncoding = 4; lastKnownFileType = sourcecode.swift; lineEnding = 0; path = TourPreviewViewController.swift; sourceTree = "<group>"; xcLanguageSpecificationIdentifier = xcode.lang.swift; };
		A6234C841D09C04B00E605B3 /* FiltersViewController.swift */ = {isa = PBXFileReference; fileEncoding = 4; lastKnownFileType = sourcecode.swift; path = FiltersViewController.swift; sourceTree = "<group>"; };
		A62A5B1D1CBED6D500E605B3 /* Constants.swift */ = {isa = PBXFileReference; fileEncoding = 4; lastKnownFileType = sourcecode.swift; path = Constants.swift; sourceTree = "<group>"; };
		A6354C701CC047CE00E605B3 /* UIColor+HexString.swift */ = {isa = PBXFileReference; fileEncoding = 4; lastKnownFileType = sourcecode.swift; path = "UIColor+HexString.swift"; sourceTree = "<group>"; };
		A63910971D08740300E605B3 /* MainTabBarController.swift */ = {isa = PBXFileReference; fileEncoding = 4; lastKnownFileType = sourcecode.swift; path = MainTabBarController.swift; sourceTree = "<group>"; };
		A639109B1D0888E400E605B3 /* SettingsViewController.swift */ = {isa = PBXFileReference; fileEncoding = 4; lastKnownFileType = sourcecode.swift; path = SettingsViewController.swift; sourceTree = "<group>"; };
		A65A39961CBBFB3C00E605B3 /* Exsilio.app */ = {isa = PBXFileReference; explicitFileType = wrapper.application; includeInIndex = 0; path = Exsilio.app; sourceTree = BUILT_PRODUCTS_DIR; };
		A65A39991CBBFB3C00E605B3 /* AppDelegate.swift */ = {isa = PBXFileReference; lastKnownFileType = sourcecode.swift; path = AppDelegate.swift; sourceTree = "<group>"; };
		A65A399B1CBBFB3C00E605B3 /* LoginViewController.swift */ = {isa = PBXFileReference; lastKnownFileType = sourcecode.swift; path = LoginViewController.swift; sourceTree = "<group>"; };
		A65A399E1CBBFB3C00E605B3 /* Base */ = {isa = PBXFileReference; lastKnownFileType = file.storyboard; name = Base; path = Base.lproj/Main.storyboard; sourceTree = "<group>"; };
		A65A39A01CBBFB3C00E605B3 /* Assets.xcassets */ = {isa = PBXFileReference; lastKnownFileType = folder.assetcatalog; path = Assets.xcassets; sourceTree = "<group>"; };
		A65A39A51CBBFB3C00E605B3 /* Info.plist */ = {isa = PBXFileReference; lastKnownFileType = text.plist.xml; path = Info.plist; sourceTree = "<group>"; };
		A66029BF1D1EF29200E605B3 /* DirectionsHeaderView.swift */ = {isa = PBXFileReference; fileEncoding = 4; lastKnownFileType = sourcecode.swift; lineEnding = 0; path = DirectionsHeaderView.swift; sourceTree = "<group>"; xcLanguageSpecificationIdentifier = xcode.lang.swift; };
		A66574DE1D2191C100E605B3 /* TabControlsView.swift */ = {isa = PBXFileReference; fileEncoding = 4; lastKnownFileType = sourcecode.swift; path = TabControlsView.swift; sourceTree = "<group>"; };
		A667BE4D1D05D98800E605B3 /* ExpandedTourTableViewCell.xib */ = {isa = PBXFileReference; fileEncoding = 4; lastKnownFileType = file.xib; path = ExpandedTourTableViewCell.xib; sourceTree = "<group>"; };
		A667BE4F1D05D9A900E605B3 /* ExpandedTourTableViewCell.swift */ = {isa = PBXFileReference; fileEncoding = 4; lastKnownFileType = sourcecode.swift; lineEnding = 0; path = ExpandedTourTableViewCell.swift; sourceTree = "<group>"; xcLanguageSpecificationIdentifier = xcode.lang.swift; };
		A6686F811CD29DCF00E605B3 /* CreateTourViewController.swift */ = {isa = PBXFileReference; fileEncoding = 4; lastKnownFileType = sourcecode.swift; lineEnding = 0; path = CreateTourViewController.swift; sourceTree = "<group>"; xcLanguageSpecificationIdentifier = xcode.lang.swift; };
		A6686F9B1CD2A12900E605B3 /* OpenSans-Bold.ttf */ = {isa = PBXFileReference; lastKnownFileType = file; path = "OpenSans-Bold.ttf"; sourceTree = "<group>"; };
		A6686F9C1CD2A12900E605B3 /* OpenSans-BoldItalic.ttf */ = {isa = PBXFileReference; lastKnownFileType = file; path = "OpenSans-BoldItalic.ttf"; sourceTree = "<group>"; };
		A6686F9D1CD2A12900E605B3 /* OpenSans-ExtraBold.ttf */ = {isa = PBXFileReference; lastKnownFileType = file; path = "OpenSans-ExtraBold.ttf"; sourceTree = "<group>"; };
		A6686F9E1CD2A12900E605B3 /* OpenSans-ExtraBoldItalic.ttf */ = {isa = PBXFileReference; lastKnownFileType = file; path = "OpenSans-ExtraBoldItalic.ttf"; sourceTree = "<group>"; };
		A6686F9F1CD2A12900E605B3 /* OpenSans-Italic.ttf */ = {isa = PBXFileReference; lastKnownFileType = file; path = "OpenSans-Italic.ttf"; sourceTree = "<group>"; };
		A6686FA01CD2A12900E605B3 /* OpenSans-Light.ttf */ = {isa = PBXFileReference; lastKnownFileType = file; path = "OpenSans-Light.ttf"; sourceTree = "<group>"; };
		A6686FA11CD2A12900E605B3 /* OpenSans-LightItalic.ttf */ = {isa = PBXFileReference; lastKnownFileType = file; path = "OpenSans-LightItalic.ttf"; sourceTree = "<group>"; };
		A6686FA21CD2A12900E605B3 /* OpenSans-Regular.ttf */ = {isa = PBXFileReference; lastKnownFileType = file; path = "OpenSans-Regular.ttf"; sourceTree = "<group>"; };
		A6686FA31CD2A12900E605B3 /* OpenSans-Semibold.ttf */ = {isa = PBXFileReference; lastKnownFileType = file; path = "OpenSans-Semibold.ttf"; sourceTree = "<group>"; };
		A6686FA41CD2A12900E605B3 /* OpenSans-SemiboldItalic.ttf */ = {isa = PBXFileReference; lastKnownFileType = file; path = "OpenSans-SemiboldItalic.ttf"; sourceTree = "<group>"; };
		A674A7851CD100D400E605B3 /* UIImage+Extensions.swift */ = {isa = PBXFileReference; fileEncoding = 4; lastKnownFileType = sourcecode.swift; path = "UIImage+Extensions.swift"; sourceTree = "<group>"; };
		A674A7871CD100E700E605B3 /* Dictionary+Merge.swift */ = {isa = PBXFileReference; fileEncoding = 4; lastKnownFileType = sourcecode.swift; path = "Dictionary+Merge.swift"; sourceTree = "<group>"; };
		A674A78B1CD1082500E605B3 /* SearchTableViewController.swift */ = {isa = PBXFileReference; fileEncoding = 4; lastKnownFileType = sourcecode.swift; path = SearchTableViewController.swift; sourceTree = "<group>"; };
		A674A78D1CD108D800E605B3 /* ToursTableViewController.swift */ = {isa = PBXFileReference; fileEncoding = 4; lastKnownFileType = sourcecode.swift; path = ToursTableViewController.swift; sourceTree = "<group>"; };
		A674A78F1CD108F600E605B3 /* CreateTourNavigationController.swift */ = {isa = PBXFileReference; fileEncoding = 4; lastKnownFileType = sourcecode.swift; path = CreateTourNavigationController.swift; sourceTree = "<group>"; };
		A67D61F21D3C3BC900E605B3 /* ActiveWaypointView.swift */ = {isa = PBXFileReference; fileEncoding = 4; lastKnownFileType = sourcecode.swift; path = ActiveWaypointView.swift; sourceTree = "<group>"; };
		A689046E1CD112E000E605B3 /* ObjCBridge.h */ = {isa = PBXFileReference; lastKnownFileType = sourcecode.c.h; path = ObjCBridge.h; sourceTree = "<group>"; };
		A68DE8421D3E5E4600E605B3 /* AVFoundation.framework */ = {isa = PBXFileReference; lastKnownFileType = wrapper.framework; name = AVFoundation.framework; path = System/Library/Frameworks/AVFoundation.framework; sourceTree = SDKROOT; };
		A6A3B8311CF7489E00E605B3 /* WaypointsTableViewController.swift */ = {isa = PBXFileReference; fileEncoding = 4; lastKnownFileType = sourcecode.swift; path = WaypointsTableViewController.swift; sourceTree = "<group>"; };
		A6A3B8331CF7510000E605B3 /* WaypointTableViewCell.swift */ = {isa = PBXFileReference; fileEncoding = 4; lastKnownFileType = sourcecode.swift; lineEnding = 0; path = WaypointTableViewCell.swift; sourceTree = "<group>"; xcLanguageSpecificationIdentifier = xcode.lang.swift; };
		A6CBBC171CD3CD6300E605B3 /* EXLabel.swift */ = {isa = PBXFileReference; fileEncoding = 4; lastKnownFileType = sourcecode.swift; path = EXLabel.swift; sourceTree = "<group>"; };
		A6CBBC191CD3DABB00E605B3 /* WaypointViewController.swift */ = {isa = PBXFileReference; fileEncoding = 4; lastKnownFileType = sourcecode.swift; lineEnding = 0; path = WaypointViewController.swift; sourceTree = "<group>"; xcLanguageSpecificationIdentifier = xcode.lang.swift; };
		A6CC4B0F1D1C49E200E605B3 /* ActiveTourViewController.swift */ = {isa = PBXFileReference; fileEncoding = 4; lastKnownFileType = sourcecode.swift; lineEnding = 0; path = ActiveTourViewController.swift; sourceTree = "<group>"; xcLanguageSpecificationIdentifier = xcode.lang.swift; };
		A6DFDFF81CECC07C00E605B3 /* TourTableViewCell.swift */ = {isa = PBXFileReference; fileEncoding = 4; lastKnownFileType = sourcecode.swift; lineEnding = 0; path = TourTableViewCell.swift; sourceTree = "<group>"; xcLanguageSpecificationIdentifier = xcode.lang.swift; };
		A6F1DD421CBC074C00E605B3 /* EXButton.swift */ = {isa = PBXFileReference; fileEncoding = 4; lastKnownFileType = sourcecode.swift; path = EXButton.swift; sourceTree = "<group>"; };
		C93B9481166D72ABA6A920B9 /* Pods_Exsilio.framework */ = {isa = PBXFileReference; explicitFileType = wrapper.framework; includeInIndex = 0; path = Pods_Exsilio.framework; sourceTree = BUILT_PRODUCTS_DIR; };
/* End PBXFileReference section */

/* Begin PBXFrameworksBuildPhase section */
		A65A39931CBBFB3C00E605B3 /* Frameworks */ = {
			isa = PBXFrameworksBuildPhase;
			buildActionMask = 2147483647;
			files = (
				A68DE8431D3E5E4600E605B3 /* AVFoundation.framework in Frameworks */,
				8092604BE0F6352099AE4E71 /* Pods_Exsilio.framework in Frameworks */,
			);
			runOnlyForDeploymentPostprocessing = 0;
		};
/* End PBXFrameworksBuildPhase section */

/* Begin PBXGroup section */
		09516E61381D674892E16F40 /* Pods */ = {
			isa = PBXGroup;
			children = (
				93C00C02D9BD2063E80EF1DD /* Pods-Exsilio.debug.xcconfig */,
				6809C36672D894B782C3C8FD /* Pods-Exsilio.release.xcconfig */,
			);
			name = Pods;
			sourceTree = "<group>";
		};
		976AA7F49EF47297BE143AA5 /* Frameworks */ = {
			isa = PBXGroup;
			children = (
				A68DE8421D3E5E4600E605B3 /* AVFoundation.framework */,
				C93B9481166D72ABA6A920B9 /* Pods_Exsilio.framework */,
			);
			name = Frameworks;
			sourceTree = "<group>";
		};
		A6354C6F1CC047BD00E605B3 /* Extensions */ = {
			isa = PBXGroup;
			children = (
				A6354C701CC047CE00E605B3 /* UIColor+HexString.swift */,
				A674A7851CD100D400E605B3 /* UIImage+Extensions.swift */,
				A674A7871CD100E700E605B3 /* Dictionary+Merge.swift */,
			);
			name = Extensions;
			sourceTree = "<group>";
		};
		A63768481CEB7F3C00E605B3 /* My Tours */ = {
			isa = PBXGroup;
			children = (
				A674A78D1CD108D800E605B3 /* ToursTableViewController.swift */,
				A62219FB1CEE0FEC00E605B3 /* TourPreviewViewController.swift */,
			);
			name = "My Tours";
			sourceTree = "<group>";
		};
		A639109A1D0888D600E605B3 /* Settings */ = {
			isa = PBXGroup;
			children = (
				A639109B1D0888E400E605B3 /* SettingsViewController.swift */,
			);
			name = Settings;
			sourceTree = "<group>";
		};
		A65A398D1CBBFB3C00E605B3 = {
			isa = PBXGroup;
			children = (
				A65A39981CBBFB3C00E605B3 /* Exsilio */,
				A65A39971CBBFB3C00E605B3 /* Products */,
				09516E61381D674892E16F40 /* Pods */,
				976AA7F49EF47297BE143AA5 /* Frameworks */,
			);
			sourceTree = "<group>";
		};
		A65A39971CBBFB3C00E605B3 /* Products */ = {
			isa = PBXGroup;
			children = (
				A65A39961CBBFB3C00E605B3 /* Exsilio.app */,
			);
			name = Products;
			sourceTree = "<group>";
		};
		A65A39981CBBFB3C00E605B3 /* Exsilio */ = {
			isa = PBXGroup;
			children = (
				A667BE4B1D05D8DB00E605B3 /* Cells */,
				A674A78A1CD1081C00E605B3 /* Search */,
				A674A7891CD1081800E605B3 /* Create Tour */,
				A6A3B8301CF7488300E605B3 /* Waypoints */,
				A63768481CEB7F3C00E605B3 /* My Tours */,
				A67D61EF1D3C10C800E605B3 /* Active Tour */,
				A639109A1D0888D600E605B3 /* Settings */,
				A611CD5E1CDBAD8D00E605B3 /* CurrentTourSingleton.swift */,
				A65A399B1CBBFB3C00E605B3 /* LoginViewController.swift */,
				A611CD581CDBA2F700E605B3 /* MapViewController.swift */,
				A65A39991CBBFB3C00E605B3 /* AppDelegate.swift */,
				A63910971D08740300E605B3 /* MainTabBarController.swift */,
				A65A399D1CBBFB3C00E605B3 /* Main.storyboard */,
				A6F1DD361CBC046000E605B3 /* Supporting Files */,
			);
			path = Exsilio;
			sourceTree = "<group>";
		};
		A66029BE1D1EF28200E605B3 /* Views */ = {
			isa = PBXGroup;
			children = (
				A66029BF1D1EF29200E605B3 /* DirectionsHeaderView.swift */,
				A66574DE1D2191C100E605B3 /* TabControlsView.swift */,
				A67D61F21D3C3BC900E605B3 /* ActiveWaypointView.swift */,
			);
			name = Views;
			sourceTree = "<group>";
		};
		A667BE4B1D05D8DB00E605B3 /* Cells */ = {
			isa = PBXGroup;
			children = (
				A60A60E91D020AA200E605B3 /* TourTableViewCell.xib */,
				A6DFDFF81CECC07C00E605B3 /* TourTableViewCell.swift */,
				A667BE4D1D05D98800E605B3 /* ExpandedTourTableViewCell.xib */,
				A667BE4F1D05D9A900E605B3 /* ExpandedTourTableViewCell.swift */,
			);
			name = Cells;
			sourceTree = "<group>";
		};
		A674A7891CD1081800E605B3 /* Create Tour */ = {
			isa = PBXGroup;
			children = (
				A674A78F1CD108F600E605B3 /* CreateTourNavigationController.swift */,
				A6686F811CD29DCF00E605B3 /* CreateTourViewController.swift */,
			);
			name = "Create Tour";
			sourceTree = "<group>";
		};
		A674A78A1CD1081C00E605B3 /* Search */ = {
			isa = PBXGroup;
			children = (
				A674A78B1CD1082500E605B3 /* SearchTableViewController.swift */,
				A6234C841D09C04B00E605B3 /* FiltersViewController.swift */,
			);
			name = Search;
			sourceTree = "<group>";
		};
		A67D61EF1D3C10C800E605B3 /* Active Tour */ = {
			isa = PBXGroup;
			children = (
				A66029BE1D1EF28200E605B3 /* Views */,
				A6CC4B0F1D1C49E200E605B3 /* ActiveTourViewController.swift */,
			);
			name = "Active Tour";
			sourceTree = "<group>";
		};
		A6A3B8301CF7488300E605B3 /* Waypoints */ = {
			isa = PBXGroup;
			children = (
				A6A3B8311CF7489E00E605B3 /* WaypointsTableViewController.swift */,
				A6CBBC191CD3DABB00E605B3 /* WaypointViewController.swift */,
				A6A3B8331CF7510000E605B3 /* WaypointTableViewCell.swift */,
			);
			name = Waypoints;
			sourceTree = "<group>";
		};
		A6F1DD361CBC046000E605B3 /* Supporting Files */ = {
			isa = PBXGroup;
			children = (
				A6354C6F1CC047BD00E605B3 /* Extensions */,
				A6F1DD441CBC0B4A00E605B3 /* Views */,
				A6F1DD411CBC048F00E605B3 /* Fonts */,
				A65A39A01CBBFB3C00E605B3 /* Assets.xcassets */,
				A611CD5C1CDBA9F800E605B3 /* LaunchScreen.storyboard */,
				A65A39A51CBBFB3C00E605B3 /* Info.plist */,
				A606BA601CDB9F8800E605B3 /* Configuration.plist.example */,
				A606BA621CDBA07D00E605B3 /* Configuration.plist */,
				A62A5B1D1CBED6D500E605B3 /* Constants.swift */,
				A689046E1CD112E000E605B3 /* ObjCBridge.h */,
			);
			name = "Supporting Files";
			sourceTree = "<group>";
		};
		A6F1DD411CBC048F00E605B3 /* Fonts */ = {
			isa = PBXGroup;
			children = (
				A6686F9B1CD2A12900E605B3 /* OpenSans-Bold.ttf */,
				A6686F9C1CD2A12900E605B3 /* OpenSans-BoldItalic.ttf */,
				A6686F9D1CD2A12900E605B3 /* OpenSans-ExtraBold.ttf */,
				A6686F9E1CD2A12900E605B3 /* OpenSans-ExtraBoldItalic.ttf */,
				A6686F9F1CD2A12900E605B3 /* OpenSans-Italic.ttf */,
				A6686FA01CD2A12900E605B3 /* OpenSans-Light.ttf */,
				A6686FA11CD2A12900E605B3 /* OpenSans-LightItalic.ttf */,
				A6686FA21CD2A12900E605B3 /* OpenSans-Regular.ttf */,
				A6686FA31CD2A12900E605B3 /* OpenSans-Semibold.ttf */,
				A6686FA41CD2A12900E605B3 /* OpenSans-SemiboldItalic.ttf */,
			);
			name = Fonts;
			sourceTree = "<group>";
		};
		A6F1DD441CBC0B4A00E605B3 /* Views */ = {
			isa = PBXGroup;
			children = (
				A6F1DD421CBC074C00E605B3 /* EXButton.swift */,
				A6CBBC171CD3CD6300E605B3 /* EXLabel.swift */,
			);
			name = Views;
			sourceTree = "<group>";
		};
/* End PBXGroup section */

/* Begin PBXNativeTarget section */
		A65A39951CBBFB3C00E605B3 /* Exsilio */ = {
			isa = PBXNativeTarget;
			buildConfigurationList = A65A39A81CBBFB3C00E605B3 /* Build configuration list for PBXNativeTarget "Exsilio" */;
			buildPhases = (
				D643D76A537EDD787BF20A1B /* [CP] Check Pods Manifest.lock */,
				A62194E71CF8903300E605B3 /* ShellScript */,
				A65A39921CBBFB3C00E605B3 /* Sources */,
				A65A39931CBBFB3C00E605B3 /* Frameworks */,
				A65A39941CBBFB3C00E605B3 /* Resources */,
				757C270E7909E6874CAFFFB6 /* [CP] Embed Pods Frameworks */,
				D07C83D352B0B235C4E51E43 /* [CP] Copy Pods Resources */,
			);
			buildRules = (
			);
			dependencies = (
			);
			name = Exsilio;
			productName = Exsilio;
			productReference = A65A39961CBBFB3C00E605B3 /* Exsilio.app */;
			productType = "com.apple.product-type.application";
		};
/* End PBXNativeTarget section */

/* Begin PBXProject section */
		A65A398E1CBBFB3C00E605B3 /* Project object */ = {
			isa = PBXProject;
			attributes = {
				LastSwiftUpdateCheck = 0730;
				LastUpgradeCheck = 0730;
				TargetAttributes = {
					A65A39951CBBFB3C00E605B3 = {
						CreatedOnToolsVersion = 7.3;
					};
				};
			};
			buildConfigurationList = A65A39911CBBFB3C00E605B3 /* Build configuration list for PBXProject "Exsilio" */;
			compatibilityVersion = "Xcode 3.2";
			developmentRegion = English;
			hasScannedForEncodings = 0;
			knownRegions = (
				en,
				Base,
			);
			mainGroup = A65A398D1CBBFB3C00E605B3;
			productRefGroup = A65A39971CBBFB3C00E605B3 /* Products */;
			projectDirPath = "";
			projectRoot = "";
			targets = (
				A65A39951CBBFB3C00E605B3 /* Exsilio */,
			);
		};
/* End PBXProject section */

/* Begin PBXResourcesBuildPhase section */
		A65A39941CBBFB3C00E605B3 /* Resources */ = {
			isa = PBXResourcesBuildPhase;
			buildActionMask = 2147483647;
			files = (
				A667BE4E1D05D98800E605B3 /* ExpandedTourTableViewCell.xib in Resources */,
				A6686FA91CD2A12900E605B3 /* OpenSans-Italic.ttf in Resources */,
				A6686FA61CD2A12900E605B3 /* OpenSans-BoldItalic.ttf in Resources */,
				A6686FAD1CD2A12900E605B3 /* OpenSans-Semibold.ttf in Resources */,
				A6686FA71CD2A12900E605B3 /* OpenSans-ExtraBold.ttf in Resources */,
				A606BA631CDBA07D00E605B3 /* Configuration.plist in Resources */,
				A606BA611CDB9F8800E605B3 /* Configuration.plist.example in Resources */,
				A6686FAB1CD2A12900E605B3 /* OpenSans-LightItalic.ttf in Resources */,
				A65A39A11CBBFB3C00E605B3 /* Assets.xcassets in Resources */,
				A611CD5D1CDBA9F800E605B3 /* LaunchScreen.storyboard in Resources */,
				A6686FA51CD2A12900E605B3 /* OpenSans-Bold.ttf in Resources */,
				A65A399F1CBBFB3C00E605B3 /* Main.storyboard in Resources */,
				A6686FAE1CD2A12900E605B3 /* OpenSans-SemiboldItalic.ttf in Resources */,
				A6686FAA1CD2A12900E605B3 /* OpenSans-Light.ttf in Resources */,
				A60A60EA1D020AA200E605B3 /* TourTableViewCell.xib in Resources */,
				A6686FAC1CD2A12900E605B3 /* OpenSans-Regular.ttf in Resources */,
				A6686FA81CD2A12900E605B3 /* OpenSans-ExtraBoldItalic.ttf in Resources */,
			);
			runOnlyForDeploymentPostprocessing = 0;
		};
/* End PBXResourcesBuildPhase section */

/* Begin PBXShellScriptBuildPhase section */
		757C270E7909E6874CAFFFB6 /* [CP] Embed Pods Frameworks */ = {
			isa = PBXShellScriptBuildPhase;
			buildActionMask = 2147483647;
			files = (
			);
			inputPaths = (
			);
			name = "[CP] Embed Pods Frameworks";
			outputPaths = (
			);
			runOnlyForDeploymentPostprocessing = 0;
			shellPath = /bin/sh;
			shellScript = "\"${SRCROOT}/Pods/Target Support Files/Pods-Exsilio/Pods-Exsilio-frameworks.sh\"\n";
			showEnvVarsInLog = 0;
		};
		A62194E71CF8903300E605B3 /* ShellScript */ = {
			isa = PBXShellScriptBuildPhase;
			buildActionMask = 2147483647;
			files = (
			);
			inputPaths = (
			);
			outputPaths = (
			);
			runOnlyForDeploymentPostprocessing = 0;
			shellPath = /bin/sh;
			shellScript = "# do not assign the new build number if there is no changes\nDIFF=`git diff`\nif [[ $DIFF == \"\" ]]; then exit 0; fi\n\n# path to the property list where the version number should be changed\nPLIST=\"${PROJECT_DIR}/${INFOPLIST_FILE}\"\n\n# the number of commits in repository to be used for the build number\nNUMBER_OF_COMMITS=`git rev-list HEAD --count`\n\n# a future build number should consider its own commit\nBUILD_NUMBER=$((NUMBER_OF_COMMITS+1))\n\n/usr/libexec/PlistBuddy -c \"Set CFBundleVersion $BUILD_NUMBER\" \"${PLIST}\"";
		};
		D07C83D352B0B235C4E51E43 /* [CP] Copy Pods Resources */ = {
			isa = PBXShellScriptBuildPhase;
			buildActionMask = 2147483647;
			files = (
			);
			inputPaths = (
			);
			name = "[CP] Copy Pods Resources";
			outputPaths = (
			);
			runOnlyForDeploymentPostprocessing = 0;
			shellPath = /bin/sh;
			shellScript = "\"${SRCROOT}/Pods/Target Support Files/Pods-Exsilio/Pods-Exsilio-resources.sh\"\n";
			showEnvVarsInLog = 0;
		};
		D643D76A537EDD787BF20A1B /* [CP] Check Pods Manifest.lock */ = {
			isa = PBXShellScriptBuildPhase;
			buildActionMask = 2147483647;
			files = (
			);
			inputPaths = (
			);
			name = "[CP] Check Pods Manifest.lock";
			outputPaths = (
			);
			runOnlyForDeploymentPostprocessing = 0;
			shellPath = /bin/sh;
			shellScript = "diff \"${PODS_ROOT}/../Podfile.lock\" \"${PODS_ROOT}/Manifest.lock\" > /dev/null\nif [[ $? != 0 ]] ; then\n    cat << EOM\nerror: The sandbox is not in sync with the Podfile.lock. Run 'pod install' or update your CocoaPods installation.\nEOM\n    exit 1\nfi\n";
			showEnvVarsInLog = 0;
		};
/* End PBXShellScriptBuildPhase section */

/* Begin PBXSourcesBuildPhase section */
		A65A39921CBBFB3C00E605B3 /* Sources */ = {
			isa = PBXSourcesBuildPhase;
			buildActionMask = 2147483647;
			files = (
				A66574DF1D2191C100E605B3 /* TabControlsView.swift in Sources */,
				A674A78C1CD1082500E605B3 /* SearchTableViewController.swift in Sources */,
				A67D61F31D3C3BC900E605B3 /* ActiveWaypointView.swift in Sources */,
				A674A78E1CD108D800E605B3 /* ToursTableViewController.swift in Sources */,
				A611CD5F1CDBAD8D00E605B3 /* CurrentTourSingleton.swift in Sources */,
				A674A7881CD100E700E605B3 /* Dictionary+Merge.swift in Sources */,
				A65A399C1CBBFB3C00E605B3 /* LoginViewController.swift in Sources */,
				A639109C1D0888E400E605B3 /* SettingsViewController.swift in Sources */,
				A63910981D08740300E605B3 /* MainTabBarController.swift in Sources */,
				A611CD591CDBA2F700E605B3 /* MapViewController.swift in Sources */,
				A6F1DD431CBC074C00E605B3 /* EXButton.swift in Sources */,
				A65A399A1CBBFB3C00E605B3 /* AppDelegate.swift in Sources */,
				A62A5B1E1CBED6D500E605B3 /* Constants.swift in Sources */,
				A6CBBC181CD3CD6300E605B3 /* EXLabel.swift in Sources */,
				A6CBBC1A1CD3DABB00E605B3 /* WaypointViewController.swift in Sources */,
				A6A3B8321CF7489E00E605B3 /* WaypointsTableViewController.swift in Sources */,
				A6A3B8341CF7510000E605B3 /* WaypointTableViewCell.swift in Sources */,
				A62219FC1CEE0FEC00E605B3 /* TourPreviewViewController.swift in Sources */,
				A667BE501D05D9A900E605B3 /* ExpandedTourTableViewCell.swift in Sources */,
				A6DFDFF91CECC07C00E605B3 /* TourTableViewCell.swift in Sources */,
				A6354C711CC047CE00E605B3 /* UIColor+HexString.swift in Sources */,
				A674A7901CD108F600E605B3 /* CreateTourNavigationController.swift in Sources */,
				A6686F821CD29DCF00E605B3 /* CreateTourViewController.swift in Sources */,
				A6234C851D09C04B00E605B3 /* FiltersViewController.swift in Sources */,
				A6CC4B101D1C49E200E605B3 /* ActiveTourViewController.swift in Sources */,
				A674A7861CD100D400E605B3 /* UIImage+Extensions.swift in Sources */,
				A66029C01D1EF29200E605B3 /* DirectionsHeaderView.swift in Sources */,
			);
			runOnlyForDeploymentPostprocessing = 0;
		};
/* End PBXSourcesBuildPhase section */

/* Begin PBXVariantGroup section */
		A65A399D1CBBFB3C00E605B3 /* Main.storyboard */ = {
			isa = PBXVariantGroup;
			children = (
				A65A399E1CBBFB3C00E605B3 /* Base */,
			);
			name = Main.storyboard;
			sourceTree = "<group>";
		};
/* End PBXVariantGroup section */

/* Begin XCBuildConfiguration section */
		A65A39A61CBBFB3C00E605B3 /* Debug */ = {
			isa = XCBuildConfiguration;
			buildSettings = {
				ALWAYS_SEARCH_USER_PATHS = NO;
				CLANG_ANALYZER_NONNULL = YES;
				CLANG_CXX_LANGUAGE_STANDARD = "gnu++0x";
				CLANG_CXX_LIBRARY = "libc++";
				CLANG_ENABLE_MODULES = YES;
				CLANG_ENABLE_OBJC_ARC = YES;
				CLANG_WARN_BOOL_CONVERSION = YES;
				CLANG_WARN_CONSTANT_CONVERSION = YES;
				CLANG_WARN_DIRECT_OBJC_ISA_USAGE = YES_ERROR;
				CLANG_WARN_EMPTY_BODY = YES;
				CLANG_WARN_ENUM_CONVERSION = YES;
				CLANG_WARN_INT_CONVERSION = YES;
				CLANG_WARN_OBJC_ROOT_CLASS = YES_ERROR;
				CLANG_WARN_UNREACHABLE_CODE = YES;
				CLANG_WARN__DUPLICATE_METHOD_MATCH = YES;
				"CODE_SIGN_IDENTITY[sdk=iphoneos*]" = "iPhone Developer";
				COPY_PHASE_STRIP = NO;
				DEBUG_INFORMATION_FORMAT = dwarf;
				ENABLE_STRICT_OBJC_MSGSEND = YES;
				ENABLE_TESTABILITY = YES;
				GCC_C_LANGUAGE_STANDARD = gnu99;
				GCC_DYNAMIC_NO_PIC = NO;
				GCC_NO_COMMON_BLOCKS = YES;
				GCC_OPTIMIZATION_LEVEL = 0;
				GCC_PREPROCESSOR_DEFINITIONS = (
					"DEBUG=1",
					"$(inherited)",
				);
				GCC_WARN_64_TO_32_BIT_CONVERSION = YES;
				GCC_WARN_ABOUT_RETURN_TYPE = YES_ERROR;
				GCC_WARN_UNDECLARED_SELECTOR = YES;
				GCC_WARN_UNINITIALIZED_AUTOS = YES_AGGRESSIVE;
				GCC_WARN_UNUSED_FUNCTION = YES;
				GCC_WARN_UNUSED_VARIABLE = YES;
				IPHONEOS_DEPLOYMENT_TARGET = 9.3;
				MTL_ENABLE_DEBUG_INFO = YES;
				ONLY_ACTIVE_ARCH = YES;
				PROVISIONING_PROFILE = "";
				SDKROOT = iphoneos;
				SWIFT_OBJC_BRIDGING_HEADER = Exsilio/ObjCBridge.h;
				SWIFT_OPTIMIZATION_LEVEL = "-Onone";
				TARGETED_DEVICE_FAMILY = "1,2";
			};
			name = Debug;
		};
		A65A39A71CBBFB3C00E605B3 /* Release */ = {
			isa = XCBuildConfiguration;
			buildSettings = {
				ALWAYS_SEARCH_USER_PATHS = NO;
				CLANG_ANALYZER_NONNULL = YES;
				CLANG_CXX_LANGUAGE_STANDARD = "gnu++0x";
				CLANG_CXX_LIBRARY = "libc++";
				CLANG_ENABLE_MODULES = YES;
				CLANG_ENABLE_OBJC_ARC = YES;
				CLANG_WARN_BOOL_CONVERSION = YES;
				CLANG_WARN_CONSTANT_CONVERSION = YES;
				CLANG_WARN_DIRECT_OBJC_ISA_USAGE = YES_ERROR;
				CLANG_WARN_EMPTY_BODY = YES;
				CLANG_WARN_ENUM_CONVERSION = YES;
				CLANG_WARN_INT_CONVERSION = YES;
				CLANG_WARN_OBJC_ROOT_CLASS = YES_ERROR;
				CLANG_WARN_UNREACHABLE_CODE = YES;
				CLANG_WARN__DUPLICATE_METHOD_MATCH = YES;
				CODE_SIGN_IDENTITY = "iPhone Distribution: Nicholas Kezhaya (FDEYQ2PC7M)";
				"CODE_SIGN_IDENTITY[sdk=iphoneos*]" = "iPhone Distribution: Nicholas Kezhaya (FDEYQ2PC7M)";
				COPY_PHASE_STRIP = NO;
				DEBUG_INFORMATION_FORMAT = "dwarf-with-dsym";
				ENABLE_NS_ASSERTIONS = NO;
				ENABLE_STRICT_OBJC_MSGSEND = YES;
				GCC_C_LANGUAGE_STANDARD = gnu99;
				GCC_NO_COMMON_BLOCKS = YES;
				GCC_WARN_64_TO_32_BIT_CONVERSION = YES;
				GCC_WARN_ABOUT_RETURN_TYPE = YES_ERROR;
				GCC_WARN_UNDECLARED_SELECTOR = YES;
				GCC_WARN_UNINITIALIZED_AUTOS = YES_AGGRESSIVE;
				GCC_WARN_UNUSED_FUNCTION = YES;
				GCC_WARN_UNUSED_VARIABLE = YES;
				IPHONEOS_DEPLOYMENT_TARGET = 9.3;
				MTL_ENABLE_DEBUG_INFO = NO;
				PROVISIONING_PROFILE = "8f50ba4d-efbf-455d-9973-c161453a077f";
				SDKROOT = iphoneos;
				SWIFT_OBJC_BRIDGING_HEADER = Exsilio/ObjCBridge.h;
				TARGETED_DEVICE_FAMILY = "1,2";
				VALIDATE_PRODUCT = YES;
			};
			name = Release;
		};
		A65A39A91CBBFB3C00E605B3 /* Debug */ = {
			isa = XCBuildConfiguration;
			baseConfigurationReference = 93C00C02D9BD2063E80EF1DD /* Pods-Exsilio.debug.xcconfig */;
			buildSettings = {
				ASSETCATALOG_COMPILER_APPICON_NAME = AppIcon;
				INFOPLIST_FILE = Exsilio/Info.plist;
				LD_RUNPATH_SEARCH_PATHS = "$(inherited) @executable_path/Frameworks";
				OTHER_SWIFT_FLAGS = "$(inherited) \"-DDEBUG\"";
				PRODUCT_BUNDLE_IDENTIFIER = com.whitepaperclip.Exsilio;
				PRODUCT_NAME = "$(TARGET_NAME)";
				PROVISIONING_PROFILE = "";
			};
			name = Debug;
		};
		A65A39AA1CBBFB3C00E605B3 /* Release */ = {
			isa = XCBuildConfiguration;
			baseConfigurationReference = 6809C36672D894B782C3C8FD /* Pods-Exsilio.release.xcconfig */;
			buildSettings = {
				ASSETCATALOG_COMPILER_APPICON_NAME = AppIcon;
				CODE_SIGN_IDENTITY = "iPhone Distribution: Nicholas Kezhaya (FDEYQ2PC7M)";
				INFOPLIST_FILE = Exsilio/Info.plist;
				LD_RUNPATH_SEARCH_PATHS = "$(inherited) @executable_path/Frameworks";
				OTHER_SWIFT_FLAGS = "$(inherited) \"-DRELEASE\"";
				PRODUCT_BUNDLE_IDENTIFIER = com.whitepaperclip.Exsilio;
				PRODUCT_NAME = "$(TARGET_NAME)";
				PROVISIONING_PROFILE = "aa7bdd48-6db7-4989-8480-5374daf3e627";
			};
			name = Release;
		};
/* End XCBuildConfiguration section */

/* Begin XCConfigurationList section */
		A65A39911CBBFB3C00E605B3 /* Build configuration list for PBXProject "Exsilio" */ = {
			isa = XCConfigurationList;
			buildConfigurations = (
				A65A39A61CBBFB3C00E605B3 /* Debug */,
				A65A39A71CBBFB3C00E605B3 /* Release */,
			);
			defaultConfigurationIsVisible = 0;
			defaultConfigurationName = Release;
		};
		A65A39A81CBBFB3C00E605B3 /* Build configuration list for PBXNativeTarget "Exsilio" */ = {
			isa = XCConfigurationList;
			buildConfigurations = (
				A65A39A91CBBFB3C00E605B3 /* Debug */,
				A65A39AA1CBBFB3C00E605B3 /* Release */,
			);
			defaultConfigurationIsVisible = 0;
			defaultConfigurationName = Release;
		};
/* End XCConfigurationList section */
	};
	rootObject = A65A398E1CBBFB3C00E605B3 /* Project object */;
}
